// !$*UTF8*$!
{
	archiveVersion = 1;
	classes = {
	};
	objectVersion = 46;
	objects = {

/* Begin PBXBuildFile section */
		3309FB4D1BF7F64300BE0310 /* HealthKit.framework in Frameworks */ = {isa = PBXBuildFile; fileRef = 3309FB4C1BF7F64300BE0310 /* HealthKit.framework */; };
		3309FB501BF7F72C00BE0310 /* HKHelper.swift in Sources */ = {isa = PBXBuildFile; fileRef = 3309FB4F1BF7F72C00BE0310 /* HKHelper.swift */; };
		330B40FB1C3B3ECE00D44558 /* SKTimer.swift in Sources */ = {isa = PBXBuildFile; fileRef = 330B40FA1C3B3ECE00D44558 /* SKTimer.swift */; };
		330C80EE1C33164700ADF713 /* AwardsViewController.swift in Sources */ = {isa = PBXBuildFile; fileRef = 330C80ED1C33164700ADF713 /* AwardsViewController.swift */; };
		330F6B4D1C151557004CCAED /* StatsViewModel.swift in Sources */ = {isa = PBXBuildFile; fileRef = 330F6B4C1C151557004CCAED /* StatsViewModel.swift */; };
		3315D85F1C3F7C0900878F7C /* ActionFactory.sks in Resources */ = {isa = PBXBuildFile; fileRef = 3315D8551C3F7C0900878F7C /* ActionFactory.sks */; };
		3315D8601C3F7C0900878F7C /* ActionManager.swift in Sources */ = {isa = PBXBuildFile; fileRef = 3315D8561C3F7C0900878F7C /* ActionManager.swift */; };
		3315D8611C3F7C0900878F7C /* TestScene.sks in Resources */ = {isa = PBXBuildFile; fileRef = 3315D8571C3F7C0900878F7C /* TestScene.sks */; };
		3315D8621C3F7C0900878F7C /* PetHead.swift in Sources */ = {isa = PBXBuildFile; fileRef = 3315D8591C3F7C0900878F7C /* PetHead.swift */; };
		3315D8631C3F7C0900878F7C /* PandoSprite.swift in Sources */ = {isa = PBXBuildFile; fileRef = 3315D85C1C3F7C0900878F7C /* PandoSprite.swift */; };
		3315D8641C3F7C0900878F7C /* PandoStateFunctions.swift in Sources */ = {isa = PBXBuildFile; fileRef = 3315D85D1C3F7C0900878F7C /* PandoStateFunctions.swift */; };
		3315D8681C3F975600878F7C /* FoodSprite.swift in Sources */ = {isa = PBXBuildFile; fileRef = 3315D8671C3F975600878F7C /* FoodSprite.swift */; };
		3318222F1C28CCA10094245D /* RxCompliant.swift in Sources */ = {isa = PBXBuildFile; fileRef = 3318222E1C28CCA10094245D /* RxCompliant.swift */; };
		331E66D31BF6AEDB003AB81D /* MainViewController.swift in Sources */ = {isa = PBXBuildFile; fileRef = 331E66D21BF6AEDB003AB81D /* MainViewController.swift */; };
		3323A2421C65C15E009D4260 /* StorePopUpView.swift in Sources */ = {isa = PBXBuildFile; fileRef = 3323A2411C65C15E009D4260 /* StorePopUpView.swift */; };
		3323A24A1C65D2CB009D4260 /* StorePopUpView.xib in Resources */ = {isa = PBXBuildFile; fileRef = 3323A2491C65D2CB009D4260 /* StorePopUpView.xib */; };
		3323A24C1C65D2F0009D4260 /* PopUpViewable.swift in Sources */ = {isa = PBXBuildFile; fileRef = 3323A24B1C65D2F0009D4260 /* PopUpViewable.swift */; };
		3323A24E1C65FACF009D4260 /* PopUpBaseView.xib in Resources */ = {isa = PBXBuildFile; fileRef = 3323A24D1C65FACF009D4260 /* PopUpBaseView.xib */; };
		3323A2561C66766D009D4260 /* StorePopUpViewDelegate.swift in Sources */ = {isa = PBXBuildFile; fileRef = 3323A2551C66766D009D4260 /* StorePopUpViewDelegate.swift */; };
		3323A2581C668BFB009D4260 /* MessagePopUpView.xib in Resources */ = {isa = PBXBuildFile; fileRef = 3323A2571C668BFB009D4260 /* MessagePopUpView.xib */; };
		3323A25A1C668CB7009D4260 /* MessagePopUpView.swift in Sources */ = {isa = PBXBuildFile; fileRef = 3323A2591C668CB7009D4260 /* MessagePopUpView.swift */; };
		3323A25C1C668DB9009D4260 /* PopUpBaseView.swift in Sources */ = {isa = PBXBuildFile; fileRef = 3323A25B1C668DB9009D4260 /* PopUpBaseView.swift */; };
		3323A25E1C668FB9009D4260 /* SimpleMessagePopUpView.swift in Sources */ = {isa = PBXBuildFile; fileRef = 3323A25D1C668FB9009D4260 /* SimpleMessagePopUpView.swift */; };
		3323A2601C668FC3009D4260 /* SimpleMessagePopUpView.xib in Resources */ = {isa = PBXBuildFile; fileRef = 3323A25F1C668FC3009D4260 /* SimpleMessagePopUpView.xib */; };
		3324827C1C2E55BB00C4655E /* SKAction+Extension.swift in Sources */ = {isa = PBXBuildFile; fileRef = 3324827B1C2E55BB00C4655E /* SKAction+Extension.swift */; };
		3324EA8A1C4EFD57000D7A21 /* RxCocoa.framework in Frameworks */ = {isa = PBXBuildFile; fileRef = 3324EA891C4EFD57000D7A21 /* RxCocoa.framework */; };
		3324EA8B1C4EFD5C000D7A21 /* RxCocoa.framework in Frameworks */ = {isa = PBXBuildFile; fileRef = 3324EA891C4EFD57000D7A21 /* RxCocoa.framework */; };
		3324EA8C1C4EFD5C000D7A21 /* RxCocoa.framework in Embed Frameworks */ = {isa = PBXBuildFile; fileRef = 3324EA891C4EFD57000D7A21 /* RxCocoa.framework */; settings = {ATTRIBUTES = (CodeSignOnCopy, RemoveHeadersOnCopy, ); }; };
		3335326E1C164F6B003145AA /* StatsLayer.swift in Sources */ = {isa = PBXBuildFile; fileRef = 3335326D1C164F6B003145AA /* StatsLayer.swift */; };
		333532701C164FC9003145AA /* StatsLayerUI.swift in Sources */ = {isa = PBXBuildFile; fileRef = 3335326F1C164FC9003145AA /* StatsLayerUI.swift */; };
		333532731C165176003145AA /* MenuLayer.swift in Sources */ = {isa = PBXBuildFile; fileRef = 333532721C165176003145AA /* MenuLayer.swift */; };
		333532751C1651D4003145AA /* MenuLayerUI.swift in Sources */ = {isa = PBXBuildFile; fileRef = 333532741C1651D4003145AA /* MenuLayerUI.swift */; };
		333532771C169158003145AA /* DashboardSceneAnimations.swift in Sources */ = {isa = PBXBuildFile; fileRef = 333532761C169158003145AA /* DashboardSceneAnimations.swift */; };
		333C0A951C540A8C00A1C84F /* SwitchSettingsCell.xib in Resources */ = {isa = PBXBuildFile; fileRef = 333C0A941C540A8C00A1C84F /* SwitchSettingsCell.xib */; };
		333C0A971C540B6900A1C84F /* SwitchSettingsCell.swift in Sources */ = {isa = PBXBuildFile; fileRef = 333C0A961C540B6900A1C84F /* SwitchSettingsCell.swift */; };
		333C0A991C5419D900A1C84F /* SettingsViewModel.swift in Sources */ = {isa = PBXBuildFile; fileRef = 333C0A981C5419D900A1C84F /* SettingsViewModel.swift */; };
		333C0A9C1C541E5900A1C84F /* DetailSettingsCell.swift in Sources */ = {isa = PBXBuildFile; fileRef = 333C0A9A1C541E5900A1C84F /* DetailSettingsCell.swift */; };
		333C0A9D1C541E5900A1C84F /* DetailSettingsCell.xib in Resources */ = {isa = PBXBuildFile; fileRef = 333C0A9B1C541E5900A1C84F /* DetailSettingsCell.xib */; };
		333C0AA41C548F2D00A1C84F /* StoreItemCell.xib in Resources */ = {isa = PBXBuildFile; fileRef = 333C0AA21C548F2D00A1C84F /* StoreItemCell.xib */; };
		333C0AA61C54A07C00A1C84F /* StoreItemCell.swift in Sources */ = {isa = PBXBuildFile; fileRef = 333C0AA51C54A07C00A1C84F /* StoreItemCell.swift */; };
		3346CAE71C37125C00921A4B /* AwardsMainView.swift in Sources */ = {isa = PBXBuildFile; fileRef = 3346CAE61C37125C00921A4B /* AwardsMainView.swift */; };
		3355570B1C1BA0530027FAE4 /* CircleProgressBar.swift in Sources */ = {isa = PBXBuildFile; fileRef = 3355570A1C1BA0530027FAE4 /* CircleProgressBar.swift */; };
		335FDA541C8682CD005564A5 /* NotificationManager.swift in Sources */ = {isa = PBXBuildFile; fileRef = 335FDA531C8682CD005564A5 /* NotificationManager.swift */; };
		336008561C40DB2000FDD89E /* NSDate+Extension.swift in Sources */ = {isa = PBXBuildFile; fileRef = 336008551C40DB2000FDD89E /* NSDate+Extension.swift */; };
		3366C5A81C2337C7001AF86E /* Test.swift in Sources */ = {isa = PBXBuildFile; fileRef = 3366C5A71C2337C7001AF86E /* Test.swift */; };
		3366C5AA1C2373D9001AF86E /* StatsStore.swift in Sources */ = {isa = PBXBuildFile; fileRef = 3366C5A91C2373D9001AF86E /* StatsStore.swift */; };
		3366C5AC1C2390FA001AF86E /* HistogramPointer.swift in Sources */ = {isa = PBXBuildFile; fileRef = 3366C5AB1C2390FA001AF86E /* HistogramPointer.swift */; };
		3366C5C41C24B38A001AF86E /* NSNumberFormatter+Extension.swift in Sources */ = {isa = PBXBuildFile; fileRef = 3366C5B81C24B38A001AF86E /* NSNumberFormatter+Extension.swift */; };
		3366C5C51C24B38A001AF86E /* SKLabelNode+Rx.swift in Sources */ = {isa = PBXBuildFile; fileRef = 3366C5BA1C24B38A001AF86E /* SKLabelNode+Rx.swift */; };
		3366C5C61C24B38A001AF86E /* SKLabelNode+Extension.swift in Sources */ = {isa = PBXBuildFile; fileRef = 3366C5BC1C24B38A001AF86E /* SKLabelNode+Extension.swift */; };
		3366C5C71C24B38A001AF86E /* SKNode+Extension.swift in Sources */ = {isa = PBXBuildFile; fileRef = 3366C5BD1C24B38A001AF86E /* SKNode+Extension.swift */; };
		3366C5C91C24B38A001AF86E /* SpriteKit+Spring+Extension.swift in Sources */ = {isa = PBXBuildFile; fileRef = 3366C5BF1C24B38A001AF86E /* SpriteKit+Spring+Extension.swift */; };
		3366C5CA1C24B38A001AF86E /* CGFrame+Extension.swift in Sources */ = {isa = PBXBuildFile; fileRef = 3366C5C11C24B38A001AF86E /* CGFrame+Extension.swift */; };
		3366C5CB1C24B38A001AF86E /* CGSize+Extension.swift in Sources */ = {isa = PBXBuildFile; fileRef = 3366C5C21C24B38A001AF86E /* CGSize+Extension.swift */; };
		3366C5CC1C24B38A001AF86E /* UIColor+Extension.swift in Sources */ = {isa = PBXBuildFile; fileRef = 3366C5C31C24B38A001AF86E /* UIColor+Extension.swift */; };
		336EC6231C3FA107007F35B8 /* PetSprite.swift in Sources */ = {isa = PBXBuildFile; fileRef = 336EC6221C3FA107007F35B8 /* PetSprite.swift */; };
		337199BF1C3B1DD6008108B6 /* LeaderboardViewController.swift in Sources */ = {isa = PBXBuildFile; fileRef = 337199BE1C3B1DD6008108B6 /* LeaderboardViewController.swift */; };
		337199C11C3B1DEC008108B6 /* LeaderboardMainView.swift in Sources */ = {isa = PBXBuildFile; fileRef = 337199C01C3B1DEC008108B6 /* LeaderboardMainView.swift */; };
		337199C31C3B1E09008108B6 /* StoreViewController.swift in Sources */ = {isa = PBXBuildFile; fileRef = 337199C21C3B1E09008108B6 /* StoreViewController.swift */; };
		337199C51C3B1E11008108B6 /* SettingsViewController.swift in Sources */ = {isa = PBXBuildFile; fileRef = 337199C41C3B1E11008108B6 /* SettingsViewController.swift */; };
		337199C71C3B1E20008108B6 /* SettingsMainView.swift in Sources */ = {isa = PBXBuildFile; fileRef = 337199C61C3B1E20008108B6 /* SettingsMainView.swift */; };
		337199C91C3B1E2A008108B6 /* StoreMainView.swift in Sources */ = {isa = PBXBuildFile; fileRef = 337199C81C3B1E2A008108B6 /* StoreMainView.swift */; };
		337199CC1C3B2307008108B6 /* GameManagerHolder.swift in Sources */ = {isa = PBXBuildFile; fileRef = 337199CB1C3B2307008108B6 /* GameManagerHolder.swift */; };
		3378475E1C1E054700B3722D /* SKButtonSprite.swift in Sources */ = {isa = PBXBuildFile; fileRef = 3378475D1C1E054700B3722D /* SKButtonSprite.swift */; };
		337847601C1E5EAE00B3722D /* Firebase.framework in Frameworks */ = {isa = PBXBuildFile; fileRef = 3378475F1C1E5EAE00B3722D /* Firebase.framework */; };
		337847621C1E826500B3722D /* Pet.swift in Sources */ = {isa = PBXBuildFile; fileRef = 337847611C1E826500B3722D /* Pet.swift */; };
		337847641C1EA1F100B3722D /* User.swift in Sources */ = {isa = PBXBuildFile; fileRef = 337847631C1EA1F100B3722D /* User.swift */; };
		337847671C1F3D3600B3722D /* FirebaseHelper.swift in Sources */ = {isa = PBXBuildFile; fileRef = 337847661C1F3D3600B3722D /* FirebaseHelper.swift */; };
		3378476B1C1F407F00B3722D /* libicucore.tbd in Frameworks */ = {isa = PBXBuildFile; fileRef = 3378476A1C1F407F00B3722D /* libicucore.tbd */; };
		3378476D1C1F408700B3722D /* libc++.tbd in Frameworks */ = {isa = PBXBuildFile; fileRef = 3378476C1C1F408700B3722D /* libc++.tbd */; };
		3378476F1C1F408D00B3722D /* CFNetwork.framework in Frameworks */ = {isa = PBXBuildFile; fileRef = 3378476E1C1F408D00B3722D /* CFNetwork.framework */; };
		337847711C1F409400B3722D /* Security.framework in Frameworks */ = {isa = PBXBuildFile; fileRef = 337847701C1F409400B3722D /* Security.framework */; };
		337847731C1F40A000B3722D /* SystemConfiguration.framework in Frameworks */ = {isa = PBXBuildFile; fileRef = 337847721C1F40A000B3722D /* SystemConfiguration.framework */; };
		337847751C1F556A00B3722D /* Firebase+Rx.swift in Sources */ = {isa = PBXBuildFile; fileRef = 337847741C1F556A00B3722D /* Firebase+Rx.swift */; };
		337847781C1F6B4000B3722D /* UserJsonModel.swift in Sources */ = {isa = PBXBuildFile; fileRef = 337847771C1F6B4000B3722D /* UserJsonModel.swift */; };
		3378477A1C1F6D3200B3722D /* Gloss.framework in Frameworks */ = {isa = PBXBuildFile; fileRef = 337847791C1F6D3200B3722D /* Gloss.framework */; };
		3378477B1C1F6D4200B3722D /* Gloss.framework in Frameworks */ = {isa = PBXBuildFile; fileRef = 337847791C1F6D3200B3722D /* Gloss.framework */; };
		3378477C1C1F6D4200B3722D /* Gloss.framework in Embed Frameworks */ = {isa = PBXBuildFile; fileRef = 337847791C1F6D3200B3722D /* Gloss.framework */; settings = {ATTRIBUTES = (CodeSignOnCopy, RemoveHeadersOnCopy, ); }; };
		337847831C22202E00B3722D /* PetJsonModel.swift in Sources */ = {isa = PBXBuildFile; fileRef = 337847821C22202E00B3722D /* PetJsonModel.swift */; };
		338326A11C38651B00D21CAC /* AwardCell.swift in Sources */ = {isa = PBXBuildFile; fileRef = 3383269F1C38651B00D21CAC /* AwardCell.swift */; };
		338326A21C38651B00D21CAC /* AwardCell.xib in Resources */ = {isa = PBXBuildFile; fileRef = 338326A01C38651B00D21CAC /* AwardCell.xib */; };
		338368DB1BF67852006407FF /* AppDelegate.swift in Sources */ = {isa = PBXBuildFile; fileRef = 338368DA1BF67852006407FF /* AppDelegate.swift */; };
		338368E41BF67852006407FF /* Main.storyboard in Resources */ = {isa = PBXBuildFile; fileRef = 338368E21BF67852006407FF /* Main.storyboard */; };
		338368E61BF67852006407FF /* Assets.xcassets in Resources */ = {isa = PBXBuildFile; fileRef = 338368E51BF67852006407FF /* Assets.xcassets */; };
		338368E91BF67852006407FF /* LaunchScreen.storyboard in Resources */ = {isa = PBXBuildFile; fileRef = 338368E71BF67852006407FF /* LaunchScreen.storyboard */; };
		338368F41BF67852006407FF /* ProjectCreatureTests.swift in Sources */ = {isa = PBXBuildFile; fileRef = 338368F31BF67852006407FF /* ProjectCreatureTests.swift */; };
		338368FF1BF67852006407FF /* ProjectCreatureUITests.swift in Sources */ = {isa = PBXBuildFile; fileRef = 338368FE1BF67852006407FF /* ProjectCreatureUITests.swift */; };
		3389EEC41C3C442800EA08FC /* LoadingLayer.swift in Sources */ = {isa = PBXBuildFile; fileRef = 3389EEC31C3C442800EA08FC /* LoadingLayer.swift */; };
		33908FD71C94A06F00855238 /* Realm.framework in Frameworks */ = {isa = PBXBuildFile; fileRef = 33908FD51C94A06F00855238 /* Realm.framework */; };
		33908FD81C94A07000855238 /* Realm.framework in Embed Frameworks */ = {isa = PBXBuildFile; fileRef = 33908FD51C94A06F00855238 /* Realm.framework */; settings = {ATTRIBUTES = (CodeSignOnCopy, RemoveHeadersOnCopy, ); }; };
		33908FD91C94A07000855238 /* RealmSwift.framework in Frameworks */ = {isa = PBXBuildFile; fileRef = 33908FD61C94A06F00855238 /* RealmSwift.framework */; };
		33908FDA1C94A07000855238 /* RealmSwift.framework in Embed Frameworks */ = {isa = PBXBuildFile; fileRef = 33908FD61C94A06F00855238 /* RealmSwift.framework */; settings = {ATTRIBUTES = (CodeSignOnCopy, RemoveHeadersOnCopy, ); }; };
		339874281BFFFE7200F47B2B /* GameManager.swift in Sources */ = {isa = PBXBuildFile; fileRef = 339874271BFFFE7200F47B2B /* GameManager.swift */; };
		339914311C310D8500268C2A /* Double+Extension.swift in Sources */ = {isa = PBXBuildFile; fileRef = 339914301C310D8500268C2A /* Double+Extension.swift */; };
		339914331C310DE800268C2A /* Float+Extension.swift in Sources */ = {isa = PBXBuildFile; fileRef = 339914321C310DE800268C2A /* Float+Extension.swift */; };
		339DA2CB1C0F6E430025F064 /* RxSwift.framework in Frameworks */ = {isa = PBXBuildFile; fileRef = 339DA2C81C0F6E430025F064 /* RxSwift.framework */; };
		339DA2CC1C0F6E8B0025F064 /* RxBlocking.framework in Frameworks */ = {isa = PBXBuildFile; fileRef = 339DA2C61C0F6E430025F064 /* RxBlocking.framework */; };
		339DA2CD1C0F6E8B0025F064 /* RxBlocking.framework in Embed Frameworks */ = {isa = PBXBuildFile; fileRef = 339DA2C61C0F6E430025F064 /* RxBlocking.framework */; settings = {ATTRIBUTES = (CodeSignOnCopy, RemoveHeadersOnCopy, ); }; };
		339DA2D11C0F6E8B0025F064 /* RxSwift.framework in Embed Frameworks */ = {isa = PBXBuildFile; fileRef = 339DA2C81C0F6E430025F064 /* RxSwift.framework */; settings = {ATTRIBUTES = (CodeSignOnCopy, RemoveHeadersOnCopy, ); }; };
		33AC1D031C266F170066FCB3 /* BarVertical.swift in Sources */ = {isa = PBXBuildFile; fileRef = 33AC1D021C266F170066FCB3 /* BarVertical.swift */; };
		33B578F31C6ADBF70080D9B7 /* StoreManagerDelegate.swift in Sources */ = {isa = PBXBuildFile; fileRef = 33B578F21C6ADBF70080D9B7 /* StoreManagerDelegate.swift */; };
		33B990791C2F544800D6CA10 /* CGPoint+Extension.swift in Sources */ = {isa = PBXBuildFile; fileRef = 33B990781C2F544800D6CA10 /* CGPoint+Extension.swift */; };
		33B9907B1C2F5C9400D6CA10 /* CGFloat+Extension.swift in Sources */ = {isa = PBXBuildFile; fileRef = 33B9907A1C2F5C9400D6CA10 /* CGFloat+Extension.swift */; };
		33BBFD601C121E9900E76511 /* DashboardViewModel.swift in Sources */ = {isa = PBXBuildFile; fileRef = 33BBFD5E1C121E9900E76511 /* DashboardViewModel.swift */; };
		33BBFD7A1C121F8300E76511 /* DashboardScene.swift in Sources */ = {isa = PBXBuildFile; fileRef = 33BBFD6C1C121F8300E76511 /* DashboardScene.swift */; };
		33BBFD7B1C121F8300E76511 /* DashboardSceneUI.swift in Sources */ = {isa = PBXBuildFile; fileRef = 33BBFD6D1C121F8300E76511 /* DashboardSceneUI.swift */; };
		33BBFD7F1C121F8300E76511 /* BarHorizontal.swift in Sources */ = {isa = PBXBuildFile; fileRef = 33BBFD731C121F8300E76511 /* BarHorizontal.swift */; };
		33BEF71B1C5F493700DCE27F /* LevelUpPopUp.swift in Sources */ = {isa = PBXBuildFile; fileRef = 33BEF7161C5F493700DCE27F /* LevelUpPopUp.swift */; };
		33BEF71C1C5F493700DCE27F /* PopUpLayer.swift in Sources */ = {isa = PBXBuildFile; fileRef = 33BEF7171C5F493700DCE27F /* PopUpLayer.swift */; };
		33BEF71D1C5F493700DCE27F /* ProgressReportPopUp.swift in Sources */ = {isa = PBXBuildFile; fileRef = 33BEF7181C5F493700DCE27F /* ProgressReportPopUp.swift */; };
		33D307021C5F2B6D00607DDC /* StoreViewModel.swift in Sources */ = {isa = PBXBuildFile; fileRef = 33D307011C5F2B6D00607DDC /* StoreViewModel.swift */; };
		33D307041C5F2BEE00607DDC /* StoreItem.swift in Sources */ = {isa = PBXBuildFile; fileRef = 33D307031C5F2BEE00607DDC /* StoreItem.swift */; };
		33D307061C5F2D4100607DDC /* Achievement.swift in Sources */ = {isa = PBXBuildFile; fileRef = 33D307051C5F2D4100607DDC /* Achievement.swift */; };
		33D307081C5F300C00607DDC /* StoreBuyButtonDelegate.swift in Sources */ = {isa = PBXBuildFile; fileRef = 33D307071C5F300C00607DDC /* StoreBuyButtonDelegate.swift */; };
		33D877551C63317500AFDF3D /* FoodManager.swift in Sources */ = {isa = PBXBuildFile; fileRef = 33D877541C63317500AFDF3D /* FoodManager.swift */; };
		33E9C52B1C7A48F400B9A973 /* PetManager.swift in Sources */ = {isa = PBXBuildFile; fileRef = 33E9C52A1C7A48F400B9A973 /* PetManager.swift */; };
		33EFAE9E1C61E851007F8A49 /* StoreManager.swift in Sources */ = {isa = PBXBuildFile; fileRef = 33EFAE9D1C61E851007F8A49 /* StoreManager.swift */; };
		33EFAEA01C61EB74007F8A49 /* ItemEffect.swift in Sources */ = {isa = PBXBuildFile; fileRef = 33EFAE9F1C61EB74007F8A49 /* ItemEffect.swift */; };
		33FC7CB51C3E594700012283 /* Food.swift in Sources */ = {isa = PBXBuildFile; fileRef = 33FC7CB41C3E594700012283 /* Food.swift */; };
/* End PBXBuildFile section */

/* Begin PBXContainerItemProxy section */
		338368F01BF67852006407FF /* PBXContainerItemProxy */ = {
			isa = PBXContainerItemProxy;
			containerPortal = 338368CF1BF67852006407FF /* Project object */;
			proxyType = 1;
			remoteGlobalIDString = 338368D61BF67852006407FF;
			remoteInfo = ProjectCreature;
		};
		338368FB1BF67852006407FF /* PBXContainerItemProxy */ = {
			isa = PBXContainerItemProxy;
			containerPortal = 338368CF1BF67852006407FF /* Project object */;
			proxyType = 1;
			remoteGlobalIDString = 338368D61BF67852006407FF;
			remoteInfo = ProjectCreature;
		};
/* End PBXContainerItemProxy section */

/* Begin PBXCopyFilesBuildPhase section */
		339DA2D21C0F6E8B0025F064 /* Embed Frameworks */ = {
			isa = PBXCopyFilesBuildPhase;
			buildActionMask = 2147483647;
			dstPath = "";
			dstSubfolderSpec = 10;
			files = (
				3324EA8C1C4EFD5C000D7A21 /* RxCocoa.framework in Embed Frameworks */,
				339DA2CD1C0F6E8B0025F064 /* RxBlocking.framework in Embed Frameworks */,
				33908FDA1C94A07000855238 /* RealmSwift.framework in Embed Frameworks */,
				339DA2D11C0F6E8B0025F064 /* RxSwift.framework in Embed Frameworks */,
				3378477C1C1F6D4200B3722D /* Gloss.framework in Embed Frameworks */,
				33908FD81C94A07000855238 /* Realm.framework in Embed Frameworks */,
			);
			name = "Embed Frameworks";
			runOnlyForDeploymentPostprocessing = 0;
		};
/* End PBXCopyFilesBuildPhase section */

/* Begin PBXFileReference section */
		3309FB4C1BF7F64300BE0310 /* HealthKit.framework */ = {isa = PBXFileReference; lastKnownFileType = wrapper.framework; name = HealthKit.framework; path = System/Library/Frameworks/HealthKit.framework; sourceTree = SDKROOT; };
		3309FB4E1BF7F64300BE0310 /* ProjectCreature.entitlements */ = {isa = PBXFileReference; lastKnownFileType = text.xml; path = ProjectCreature.entitlements; sourceTree = "<group>"; };
		3309FB4F1BF7F72C00BE0310 /* HKHelper.swift */ = {isa = PBXFileReference; fileEncoding = 4; lastKnownFileType = sourcecode.swift; path = HKHelper.swift; sourceTree = "<group>"; };
		330B40FA1C3B3ECE00D44558 /* SKTimer.swift */ = {isa = PBXFileReference; fileEncoding = 4; lastKnownFileType = sourcecode.swift; path = SKTimer.swift; sourceTree = "<group>"; };
		330C80ED1C33164700ADF713 /* AwardsViewController.swift */ = {isa = PBXFileReference; fileEncoding = 4; lastKnownFileType = sourcecode.swift; path = AwardsViewController.swift; sourceTree = "<group>"; };
		330F6B4C1C151557004CCAED /* StatsViewModel.swift */ = {isa = PBXFileReference; fileEncoding = 4; lastKnownFileType = sourcecode.swift; path = StatsViewModel.swift; sourceTree = "<group>"; };
		3315D8551C3F7C0900878F7C /* ActionFactory.sks */ = {isa = PBXFileReference; lastKnownFileType = file.sks; path = ActionFactory.sks; sourceTree = "<group>"; };
		3315D8561C3F7C0900878F7C /* ActionManager.swift */ = {isa = PBXFileReference; fileEncoding = 4; lastKnownFileType = sourcecode.swift; path = ActionManager.swift; sourceTree = "<group>"; };
		3315D8571C3F7C0900878F7C /* TestScene.sks */ = {isa = PBXFileReference; lastKnownFileType = file.sks; path = TestScene.sks; sourceTree = "<group>"; };
		3315D8591C3F7C0900878F7C /* PetHead.swift */ = {isa = PBXFileReference; fileEncoding = 4; lastKnownFileType = sourcecode.swift; path = PetHead.swift; sourceTree = "<group>"; };
		3315D85C1C3F7C0900878F7C /* PandoSprite.swift */ = {isa = PBXFileReference; fileEncoding = 4; lastKnownFileType = sourcecode.swift; path = PandoSprite.swift; sourceTree = "<group>"; };
		3315D85D1C3F7C0900878F7C /* PandoStateFunctions.swift */ = {isa = PBXFileReference; fileEncoding = 4; lastKnownFileType = sourcecode.swift; path = PandoStateFunctions.swift; sourceTree = "<group>"; };
		3315D8671C3F975600878F7C /* FoodSprite.swift */ = {isa = PBXFileReference; fileEncoding = 4; lastKnownFileType = sourcecode.swift; path = FoodSprite.swift; sourceTree = "<group>"; };
		3318222E1C28CCA10094245D /* RxCompliant.swift */ = {isa = PBXFileReference; fileEncoding = 4; lastKnownFileType = sourcecode.swift; path = RxCompliant.swift; sourceTree = "<group>"; };
		331E66D21BF6AEDB003AB81D /* MainViewController.swift */ = {isa = PBXFileReference; fileEncoding = 4; lastKnownFileType = sourcecode.swift; path = MainViewController.swift; sourceTree = "<group>"; };
		3323A2411C65C15E009D4260 /* StorePopUpView.swift */ = {isa = PBXFileReference; fileEncoding = 4; lastKnownFileType = sourcecode.swift; path = StorePopUpView.swift; sourceTree = "<group>"; };
		3323A2491C65D2CB009D4260 /* StorePopUpView.xib */ = {isa = PBXFileReference; fileEncoding = 4; lastKnownFileType = file.xib; path = StorePopUpView.xib; sourceTree = "<group>"; };
		3323A24B1C65D2F0009D4260 /* PopUpViewable.swift */ = {isa = PBXFileReference; fileEncoding = 4; lastKnownFileType = sourcecode.swift; path = PopUpViewable.swift; sourceTree = "<group>"; };
		3323A24D1C65FACF009D4260 /* PopUpBaseView.xib */ = {isa = PBXFileReference; fileEncoding = 4; lastKnownFileType = file.xib; path = PopUpBaseView.xib; sourceTree = "<group>"; };
		3323A2551C66766D009D4260 /* StorePopUpViewDelegate.swift */ = {isa = PBXFileReference; fileEncoding = 4; lastKnownFileType = sourcecode.swift; path = StorePopUpViewDelegate.swift; sourceTree = "<group>"; };
		3323A2571C668BFB009D4260 /* MessagePopUpView.xib */ = {isa = PBXFileReference; fileEncoding = 4; lastKnownFileType = file.xib; name = MessagePopUpView.xib; path = ProjectCreature/UI/PopUps/UIKit/MessagePopUpView.xib; sourceTree = SOURCE_ROOT; };
		3323A2591C668CB7009D4260 /* MessagePopUpView.swift */ = {isa = PBXFileReference; fileEncoding = 4; lastKnownFileType = sourcecode.swift; path = MessagePopUpView.swift; sourceTree = "<group>"; };
		3323A25B1C668DB9009D4260 /* PopUpBaseView.swift */ = {isa = PBXFileReference; fileEncoding = 4; lastKnownFileType = sourcecode.swift; name = PopUpBaseView.swift; path = ProjectCreature/UI/PopUps/UIKit/PopUpBaseView.swift; sourceTree = SOURCE_ROOT; };
		3323A25D1C668FB9009D4260 /* SimpleMessagePopUpView.swift */ = {isa = PBXFileReference; fileEncoding = 4; lastKnownFileType = sourcecode.swift; path = SimpleMessagePopUpView.swift; sourceTree = "<group>"; };
		3323A25F1C668FC3009D4260 /* SimpleMessagePopUpView.xib */ = {isa = PBXFileReference; fileEncoding = 4; lastKnownFileType = file.xib; path = SimpleMessagePopUpView.xib; sourceTree = "<group>"; };
		3324827B1C2E55BB00C4655E /* SKAction+Extension.swift */ = {isa = PBXFileReference; fileEncoding = 4; lastKnownFileType = sourcecode.swift; path = "SKAction+Extension.swift"; sourceTree = "<group>"; };
		3324EA891C4EFD57000D7A21 /* RxCocoa.framework */ = {isa = PBXFileReference; lastKnownFileType = wrapper.framework; name = RxCocoa.framework; path = Carthage/Build/iOS/RxCocoa.framework; sourceTree = SOURCE_ROOT; };
		3335326D1C164F6B003145AA /* StatsLayer.swift */ = {isa = PBXFileReference; fileEncoding = 4; lastKnownFileType = sourcecode.swift; path = StatsLayer.swift; sourceTree = "<group>"; };
		3335326F1C164FC9003145AA /* StatsLayerUI.swift */ = {isa = PBXFileReference; fileEncoding = 4; lastKnownFileType = sourcecode.swift; path = StatsLayerUI.swift; sourceTree = "<group>"; };
		333532721C165176003145AA /* MenuLayer.swift */ = {isa = PBXFileReference; fileEncoding = 4; lastKnownFileType = sourcecode.swift; path = MenuLayer.swift; sourceTree = "<group>"; };
		333532741C1651D4003145AA /* MenuLayerUI.swift */ = {isa = PBXFileReference; fileEncoding = 4; lastKnownFileType = sourcecode.swift; path = MenuLayerUI.swift; sourceTree = "<group>"; };
		333532761C169158003145AA /* DashboardSceneAnimations.swift */ = {isa = PBXFileReference; fileEncoding = 4; lastKnownFileType = sourcecode.swift; path = DashboardSceneAnimations.swift; sourceTree = "<group>"; };
		333C0A941C540A8C00A1C84F /* SwitchSettingsCell.xib */ = {isa = PBXFileReference; fileEncoding = 4; lastKnownFileType = file.xib; path = SwitchSettingsCell.xib; sourceTree = "<group>"; };
		333C0A961C540B6900A1C84F /* SwitchSettingsCell.swift */ = {isa = PBXFileReference; fileEncoding = 4; lastKnownFileType = sourcecode.swift; path = SwitchSettingsCell.swift; sourceTree = "<group>"; };
		333C0A981C5419D900A1C84F /* SettingsViewModel.swift */ = {isa = PBXFileReference; fileEncoding = 4; lastKnownFileType = sourcecode.swift; path = SettingsViewModel.swift; sourceTree = "<group>"; };
		333C0A9A1C541E5900A1C84F /* DetailSettingsCell.swift */ = {isa = PBXFileReference; fileEncoding = 4; lastKnownFileType = sourcecode.swift; path = DetailSettingsCell.swift; sourceTree = "<group>"; };
		333C0A9B1C541E5900A1C84F /* DetailSettingsCell.xib */ = {isa = PBXFileReference; fileEncoding = 4; lastKnownFileType = file.xib; path = DetailSettingsCell.xib; sourceTree = "<group>"; };
		333C0AA21C548F2D00A1C84F /* StoreItemCell.xib */ = {isa = PBXFileReference; fileEncoding = 4; lastKnownFileType = file.xib; path = StoreItemCell.xib; sourceTree = "<group>"; };
		333C0AA51C54A07C00A1C84F /* StoreItemCell.swift */ = {isa = PBXFileReference; fileEncoding = 4; lastKnownFileType = sourcecode.swift; path = StoreItemCell.swift; sourceTree = "<group>"; };
		3346CAE61C37125C00921A4B /* AwardsMainView.swift */ = {isa = PBXFileReference; fileEncoding = 4; lastKnownFileType = sourcecode.swift; path = AwardsMainView.swift; sourceTree = "<group>"; };
		3355570A1C1BA0530027FAE4 /* CircleProgressBar.swift */ = {isa = PBXFileReference; fileEncoding = 4; lastKnownFileType = sourcecode.swift; path = CircleProgressBar.swift; sourceTree = "<group>"; };
		335FDA531C8682CD005564A5 /* NotificationManager.swift */ = {isa = PBXFileReference; fileEncoding = 4; lastKnownFileType = sourcecode.swift; path = NotificationManager.swift; sourceTree = "<group>"; };
		336008551C40DB2000FDD89E /* NSDate+Extension.swift */ = {isa = PBXFileReference; fileEncoding = 4; lastKnownFileType = sourcecode.swift; path = "NSDate+Extension.swift"; sourceTree = "<group>"; };
		3366C5A71C2337C7001AF86E /* Test.swift */ = {isa = PBXFileReference; fileEncoding = 4; lastKnownFileType = sourcecode.swift; path = Test.swift; sourceTree = "<group>"; };
		3366C5A91C2373D9001AF86E /* StatsStore.swift */ = {isa = PBXFileReference; fileEncoding = 4; lastKnownFileType = sourcecode.swift; path = StatsStore.swift; sourceTree = "<group>"; };
		3366C5AB1C2390FA001AF86E /* HistogramPointer.swift */ = {isa = PBXFileReference; fileEncoding = 4; lastKnownFileType = sourcecode.swift; path = HistogramPointer.swift; sourceTree = "<group>"; };
		3366C5B81C24B38A001AF86E /* NSNumberFormatter+Extension.swift */ = {isa = PBXFileReference; fileEncoding = 4; lastKnownFileType = sourcecode.swift; path = "NSNumberFormatter+Extension.swift"; sourceTree = "<group>"; };
		3366C5BA1C24B38A001AF86E /* SKLabelNode+Rx.swift */ = {isa = PBXFileReference; fileEncoding = 4; lastKnownFileType = sourcecode.swift; path = "SKLabelNode+Rx.swift"; sourceTree = "<group>"; };
		3366C5BC1C24B38A001AF86E /* SKLabelNode+Extension.swift */ = {isa = PBXFileReference; fileEncoding = 4; lastKnownFileType = sourcecode.swift; path = "SKLabelNode+Extension.swift"; sourceTree = "<group>"; };
		3366C5BD1C24B38A001AF86E /* SKNode+Extension.swift */ = {isa = PBXFileReference; fileEncoding = 4; lastKnownFileType = sourcecode.swift; path = "SKNode+Extension.swift"; sourceTree = "<group>"; };
		3366C5BF1C24B38A001AF86E /* SpriteKit+Spring+Extension.swift */ = {isa = PBXFileReference; fileEncoding = 4; lastKnownFileType = sourcecode.swift; path = "SpriteKit+Spring+Extension.swift"; sourceTree = "<group>"; };
		3366C5C11C24B38A001AF86E /* CGFrame+Extension.swift */ = {isa = PBXFileReference; fileEncoding = 4; lastKnownFileType = sourcecode.swift; path = "CGFrame+Extension.swift"; sourceTree = "<group>"; };
		3366C5C21C24B38A001AF86E /* CGSize+Extension.swift */ = {isa = PBXFileReference; fileEncoding = 4; lastKnownFileType = sourcecode.swift; path = "CGSize+Extension.swift"; sourceTree = "<group>"; };
		3366C5C31C24B38A001AF86E /* UIColor+Extension.swift */ = {isa = PBXFileReference; fileEncoding = 4; lastKnownFileType = sourcecode.swift; path = "UIColor+Extension.swift"; sourceTree = "<group>"; };
		336EC6221C3FA107007F35B8 /* PetSprite.swift */ = {isa = PBXFileReference; fileEncoding = 4; lastKnownFileType = sourcecode.swift; path = PetSprite.swift; sourceTree = "<group>"; };
		337199BE1C3B1DD6008108B6 /* LeaderboardViewController.swift */ = {isa = PBXFileReference; fileEncoding = 4; lastKnownFileType = sourcecode.swift; path = LeaderboardViewController.swift; sourceTree = "<group>"; };
		337199C01C3B1DEC008108B6 /* LeaderboardMainView.swift */ = {isa = PBXFileReference; fileEncoding = 4; lastKnownFileType = sourcecode.swift; path = LeaderboardMainView.swift; sourceTree = "<group>"; };
		337199C21C3B1E09008108B6 /* StoreViewController.swift */ = {isa = PBXFileReference; fileEncoding = 4; lastKnownFileType = sourcecode.swift; path = StoreViewController.swift; sourceTree = "<group>"; };
		337199C41C3B1E11008108B6 /* SettingsViewController.swift */ = {isa = PBXFileReference; fileEncoding = 4; lastKnownFileType = sourcecode.swift; path = SettingsViewController.swift; sourceTree = "<group>"; };
		337199C61C3B1E20008108B6 /* SettingsMainView.swift */ = {isa = PBXFileReference; fileEncoding = 4; lastKnownFileType = sourcecode.swift; path = SettingsMainView.swift; sourceTree = "<group>"; };
		337199C81C3B1E2A008108B6 /* StoreMainView.swift */ = {isa = PBXFileReference; fileEncoding = 4; lastKnownFileType = sourcecode.swift; path = StoreMainView.swift; sourceTree = "<group>"; };
		337199CB1C3B2307008108B6 /* GameManagerHolder.swift */ = {isa = PBXFileReference; fileEncoding = 4; lastKnownFileType = sourcecode.swift; path = GameManagerHolder.swift; sourceTree = "<group>"; };
		3378475D1C1E054700B3722D /* SKButtonSprite.swift */ = {isa = PBXFileReference; fileEncoding = 4; lastKnownFileType = sourcecode.swift; path = SKButtonSprite.swift; sourceTree = "<group>"; };
		3378475F1C1E5EAE00B3722D /* Firebase.framework */ = {isa = PBXFileReference; lastKnownFileType = wrapper.framework; path = Firebase.framework; sourceTree = "<group>"; };
		337847611C1E826500B3722D /* Pet.swift */ = {isa = PBXFileReference; fileEncoding = 4; lastKnownFileType = sourcecode.swift; path = Pet.swift; sourceTree = "<group>"; };
		337847631C1EA1F100B3722D /* User.swift */ = {isa = PBXFileReference; fileEncoding = 4; lastKnownFileType = sourcecode.swift; path = User.swift; sourceTree = "<group>"; };
		337847661C1F3D3600B3722D /* FirebaseHelper.swift */ = {isa = PBXFileReference; fileEncoding = 4; lastKnownFileType = sourcecode.swift; path = FirebaseHelper.swift; sourceTree = "<group>"; };
		3378476A1C1F407F00B3722D /* libicucore.tbd */ = {isa = PBXFileReference; lastKnownFileType = "sourcecode.text-based-dylib-definition"; name = libicucore.tbd; path = usr/lib/libicucore.tbd; sourceTree = SDKROOT; };
		3378476C1C1F408700B3722D /* libc++.tbd */ = {isa = PBXFileReference; lastKnownFileType = "sourcecode.text-based-dylib-definition"; name = "libc++.tbd"; path = "usr/lib/libc++.tbd"; sourceTree = SDKROOT; };
		3378476E1C1F408D00B3722D /* CFNetwork.framework */ = {isa = PBXFileReference; lastKnownFileType = wrapper.framework; name = CFNetwork.framework; path = System/Library/Frameworks/CFNetwork.framework; sourceTree = SDKROOT; };
		337847701C1F409400B3722D /* Security.framework */ = {isa = PBXFileReference; lastKnownFileType = wrapper.framework; name = Security.framework; path = System/Library/Frameworks/Security.framework; sourceTree = SDKROOT; };
		337847721C1F40A000B3722D /* SystemConfiguration.framework */ = {isa = PBXFileReference; lastKnownFileType = wrapper.framework; name = SystemConfiguration.framework; path = System/Library/Frameworks/SystemConfiguration.framework; sourceTree = SDKROOT; };
		337847741C1F556A00B3722D /* Firebase+Rx.swift */ = {isa = PBXFileReference; fileEncoding = 4; lastKnownFileType = sourcecode.swift; path = "Firebase+Rx.swift"; sourceTree = "<group>"; };
		337847771C1F6B4000B3722D /* UserJsonModel.swift */ = {isa = PBXFileReference; fileEncoding = 4; lastKnownFileType = sourcecode.swift; path = UserJsonModel.swift; sourceTree = "<group>"; };
		337847791C1F6D3200B3722D /* Gloss.framework */ = {isa = PBXFileReference; lastKnownFileType = wrapper.framework; name = Gloss.framework; path = Carthage/Build/iOS/Gloss.framework; sourceTree = SOURCE_ROOT; };
		337847821C22202E00B3722D /* PetJsonModel.swift */ = {isa = PBXFileReference; fileEncoding = 4; lastKnownFileType = sourcecode.swift; path = PetJsonModel.swift; sourceTree = "<group>"; };
		3383269F1C38651B00D21CAC /* AwardCell.swift */ = {isa = PBXFileReference; fileEncoding = 4; lastKnownFileType = sourcecode.swift; path = AwardCell.swift; sourceTree = "<group>"; };
		338326A01C38651B00D21CAC /* AwardCell.xib */ = {isa = PBXFileReference; fileEncoding = 4; lastKnownFileType = file.xib; path = AwardCell.xib; sourceTree = "<group>"; };
		338368D71BF67852006407FF /* ProjectCreature.app */ = {isa = PBXFileReference; explicitFileType = wrapper.application; includeInIndex = 0; path = ProjectCreature.app; sourceTree = BUILT_PRODUCTS_DIR; };
		338368DA1BF67852006407FF /* AppDelegate.swift */ = {isa = PBXFileReference; lastKnownFileType = sourcecode.swift; path = AppDelegate.swift; sourceTree = "<group>"; };
		338368E31BF67852006407FF /* Base */ = {isa = PBXFileReference; lastKnownFileType = file.storyboard; name = Base; path = Base.lproj/Main.storyboard; sourceTree = "<group>"; };
		338368E51BF67852006407FF /* Assets.xcassets */ = {isa = PBXFileReference; lastKnownFileType = folder.assetcatalog; path = Assets.xcassets; sourceTree = "<group>"; };
		338368E81BF67852006407FF /* Base */ = {isa = PBXFileReference; lastKnownFileType = file.storyboard; name = Base; path = Base.lproj/LaunchScreen.storyboard; sourceTree = "<group>"; };
		338368EA1BF67852006407FF /* Info.plist */ = {isa = PBXFileReference; lastKnownFileType = text.plist.xml; path = Info.plist; sourceTree = "<group>"; };
		338368EF1BF67852006407FF /* ProjectCreatureTests.xctest */ = {isa = PBXFileReference; explicitFileType = wrapper.cfbundle; includeInIndex = 0; path = ProjectCreatureTests.xctest; sourceTree = BUILT_PRODUCTS_DIR; };
		338368F31BF67852006407FF /* ProjectCreatureTests.swift */ = {isa = PBXFileReference; lastKnownFileType = sourcecode.swift; path = ProjectCreatureTests.swift; sourceTree = "<group>"; };
		338368F51BF67852006407FF /* Info.plist */ = {isa = PBXFileReference; lastKnownFileType = text.plist.xml; path = Info.plist; sourceTree = "<group>"; };
		338368FA1BF67852006407FF /* ProjectCreatureUITests.xctest */ = {isa = PBXFileReference; explicitFileType = wrapper.cfbundle; includeInIndex = 0; path = ProjectCreatureUITests.xctest; sourceTree = BUILT_PRODUCTS_DIR; };
		338368FE1BF67852006407FF /* ProjectCreatureUITests.swift */ = {isa = PBXFileReference; lastKnownFileType = sourcecode.swift; path = ProjectCreatureUITests.swift; sourceTree = "<group>"; };
		338369001BF67852006407FF /* Info.plist */ = {isa = PBXFileReference; lastKnownFileType = text.plist.xml; path = Info.plist; sourceTree = "<group>"; };
		338369181BF68F46006407FF /* ProjectCreature-Bridging-Header.h */ = {isa = PBXFileReference; fileEncoding = 4; lastKnownFileType = sourcecode.c.h; path = "ProjectCreature-Bridging-Header.h"; sourceTree = "<group>"; };
		3389EEC31C3C442800EA08FC /* LoadingLayer.swift */ = {isa = PBXFileReference; fileEncoding = 4; lastKnownFileType = sourcecode.swift; path = LoadingLayer.swift; sourceTree = "<group>"; };
		33908FD51C94A06F00855238 /* Realm.framework */ = {isa = PBXFileReference; lastKnownFileType = wrapper.framework; name = Realm.framework; path = Carthage/Build/iOS/Realm.framework; sourceTree = "<group>"; };
		33908FD61C94A06F00855238 /* RealmSwift.framework */ = {isa = PBXFileReference; lastKnownFileType = wrapper.framework; name = RealmSwift.framework; path = Carthage/Build/iOS/RealmSwift.framework; sourceTree = "<group>"; };
		339874271BFFFE7200F47B2B /* GameManager.swift */ = {isa = PBXFileReference; fileEncoding = 4; lastKnownFileType = sourcecode.swift; path = GameManager.swift; sourceTree = "<group>"; };
		339914301C310D8500268C2A /* Double+Extension.swift */ = {isa = PBXFileReference; fileEncoding = 4; lastKnownFileType = sourcecode.swift; path = "Double+Extension.swift"; sourceTree = "<group>"; };
		339914321C310DE800268C2A /* Float+Extension.swift */ = {isa = PBXFileReference; fileEncoding = 4; lastKnownFileType = sourcecode.swift; path = "Float+Extension.swift"; sourceTree = "<group>"; };
		339DA2C61C0F6E430025F064 /* RxBlocking.framework */ = {isa = PBXFileReference; lastKnownFileType = wrapper.framework; name = RxBlocking.framework; path = Carthage/Build/iOS/RxBlocking.framework; sourceTree = SOURCE_ROOT; };
		339DA2C71C0F6E430025F064 /* RxCocoa.framework */ = {isa = PBXFileReference; lastKnownFileType = wrapper.framework; name = RxCocoa.framework; path = Carthage/Build/iOS/RxCocoa.framework; sourceTree = SOURCE_ROOT; };
		339DA2C81C0F6E430025F064 /* RxSwift.framework */ = {isa = PBXFileReference; lastKnownFileType = wrapper.framework; name = RxSwift.framework; path = Carthage/Build/iOS/RxSwift.framework; sourceTree = SOURCE_ROOT; };
		33AC1D021C266F170066FCB3 /* BarVertical.swift */ = {isa = PBXFileReference; fileEncoding = 4; lastKnownFileType = sourcecode.swift; path = BarVertical.swift; sourceTree = "<group>"; };
		33B578F21C6ADBF70080D9B7 /* StoreManagerDelegate.swift */ = {isa = PBXFileReference; fileEncoding = 4; lastKnownFileType = sourcecode.swift; path = StoreManagerDelegate.swift; sourceTree = "<group>"; };
		33B990781C2F544800D6CA10 /* CGPoint+Extension.swift */ = {isa = PBXFileReference; fileEncoding = 4; lastKnownFileType = sourcecode.swift; path = "CGPoint+Extension.swift"; sourceTree = "<group>"; };
		33B9907A1C2F5C9400D6CA10 /* CGFloat+Extension.swift */ = {isa = PBXFileReference; fileEncoding = 4; lastKnownFileType = sourcecode.swift; path = "CGFloat+Extension.swift"; sourceTree = "<group>"; };
		33BBFD5E1C121E9900E76511 /* DashboardViewModel.swift */ = {isa = PBXFileReference; fileEncoding = 4; lastKnownFileType = sourcecode.swift; path = DashboardViewModel.swift; sourceTree = "<group>"; };
		33BBFD6C1C121F8300E76511 /* DashboardScene.swift */ = {isa = PBXFileReference; fileEncoding = 4; lastKnownFileType = sourcecode.swift; path = DashboardScene.swift; sourceTree = "<group>"; };
		33BBFD6D1C121F8300E76511 /* DashboardSceneUI.swift */ = {isa = PBXFileReference; fileEncoding = 4; lastKnownFileType = sourcecode.swift; path = DashboardSceneUI.swift; sourceTree = "<group>"; };
		33BBFD731C121F8300E76511 /* BarHorizontal.swift */ = {isa = PBXFileReference; fileEncoding = 4; lastKnownFileType = sourcecode.swift; path = BarHorizontal.swift; sourceTree = "<group>"; };
		33BEF7161C5F493700DCE27F /* LevelUpPopUp.swift */ = {isa = PBXFileReference; fileEncoding = 4; lastKnownFileType = sourcecode.swift; path = LevelUpPopUp.swift; sourceTree = "<group>"; };
		33BEF7171C5F493700DCE27F /* PopUpLayer.swift */ = {isa = PBXFileReference; fileEncoding = 4; lastKnownFileType = sourcecode.swift; path = PopUpLayer.swift; sourceTree = "<group>"; };
		33BEF7181C5F493700DCE27F /* ProgressReportPopUp.swift */ = {isa = PBXFileReference; fileEncoding = 4; lastKnownFileType = sourcecode.swift; path = ProgressReportPopUp.swift; sourceTree = "<group>"; };
		33D307011C5F2B6D00607DDC /* StoreViewModel.swift */ = {isa = PBXFileReference; fileEncoding = 4; lastKnownFileType = sourcecode.swift; path = StoreViewModel.swift; sourceTree = "<group>"; };
		33D307031C5F2BEE00607DDC /* StoreItem.swift */ = {isa = PBXFileReference; fileEncoding = 4; lastKnownFileType = sourcecode.swift; path = StoreItem.swift; sourceTree = "<group>"; };
		33D307051C5F2D4100607DDC /* Achievement.swift */ = {isa = PBXFileReference; fileEncoding = 4; lastKnownFileType = sourcecode.swift; path = Achievement.swift; sourceTree = "<group>"; };
		33D307071C5F300C00607DDC /* StoreBuyButtonDelegate.swift */ = {isa = PBXFileReference; fileEncoding = 4; lastKnownFileType = sourcecode.swift; path = StoreBuyButtonDelegate.swift; sourceTree = "<group>"; };
		33D877541C63317500AFDF3D /* FoodManager.swift */ = {isa = PBXFileReference; fileEncoding = 4; lastKnownFileType = sourcecode.swift; path = FoodManager.swift; sourceTree = "<group>"; };
		33E9C52A1C7A48F400B9A973 /* PetManager.swift */ = {isa = PBXFileReference; fileEncoding = 4; lastKnownFileType = sourcecode.swift; path = PetManager.swift; sourceTree = "<group>"; };
		33EFAE9D1C61E851007F8A49 /* StoreManager.swift */ = {isa = PBXFileReference; fileEncoding = 4; lastKnownFileType = sourcecode.swift; path = StoreManager.swift; sourceTree = "<group>"; };
		33EFAE9F1C61EB74007F8A49 /* ItemEffect.swift */ = {isa = PBXFileReference; fileEncoding = 4; lastKnownFileType = sourcecode.swift; path = ItemEffect.swift; sourceTree = "<group>"; };
		33FC7CB41C3E594700012283 /* Food.swift */ = {isa = PBXFileReference; fileEncoding = 4; lastKnownFileType = sourcecode.swift; path = Food.swift; sourceTree = "<group>"; };
/* End PBXFileReference section */

/* Begin PBXFrameworksBuildPhase section */
		338368D41BF67852006407FF /* Frameworks */ = {
			isa = PBXFrameworksBuildPhase;
			buildActionMask = 2147483647;
			files = (
				3324EA8A1C4EFD57000D7A21 /* RxCocoa.framework in Frameworks */,
				337847731C1F40A000B3722D /* SystemConfiguration.framework in Frameworks */,
				3324EA8B1C4EFD5C000D7A21 /* RxCocoa.framework in Frameworks */,
				337847711C1F409400B3722D /* Security.framework in Frameworks */,
				33908FD71C94A06F00855238 /* Realm.framework in Frameworks */,
				3378476F1C1F408D00B3722D /* CFNetwork.framework in Frameworks */,
				3378476D1C1F408700B3722D /* libc++.tbd in Frameworks */,
				3378477B1C1F6D4200B3722D /* Gloss.framework in Frameworks */,
				3378476B1C1F407F00B3722D /* libicucore.tbd in Frameworks */,
				337847601C1E5EAE00B3722D /* Firebase.framework in Frameworks */,
				339DA2CB1C0F6E430025F064 /* RxSwift.framework in Frameworks */,
				33908FD91C94A07000855238 /* RealmSwift.framework in Frameworks */,
				339DA2CC1C0F6E8B0025F064 /* RxBlocking.framework in Frameworks */,
				3309FB4D1BF7F64300BE0310 /* HealthKit.framework in Frameworks */,
				3378477A1C1F6D3200B3722D /* Gloss.framework in Frameworks */,
			);
			runOnlyForDeploymentPostprocessing = 0;
		};
		338368EC1BF67852006407FF /* Frameworks */ = {
			isa = PBXFrameworksBuildPhase;
			buildActionMask = 2147483647;
			files = (
			);
			runOnlyForDeploymentPostprocessing = 0;
		};
		338368F71BF67852006407FF /* Frameworks */ = {
			isa = PBXFrameworksBuildPhase;
			buildActionMask = 2147483647;
			files = (
			);
			runOnlyForDeploymentPostprocessing = 0;
		};
/* End PBXFrameworksBuildPhase section */

/* Begin PBXGroup section */
		330B40F91C3B3EC300D44558 /* Custom Objects */ = {
			isa = PBXGroup;
			children = (
				330B40FA1C3B3ECE00D44558 /* SKTimer.swift */,
			);
			path = "Custom Objects";
			sourceTree = "<group>";
		};
		3315D8531C3F7C0900878F7C /* PetSprites */ = {
			isa = PBXGroup;
			children = (
				3315D8541C3F7C0900878F7C /* Animations */,
				3315D8581C3F7C0900878F7C /* Head */,
				3315D85A1C3F7C0900878F7C /* Pets */,
			);
			path = PetSprites;
			sourceTree = "<group>";
		};
		3315D8541C3F7C0900878F7C /* Animations */ = {
			isa = PBXGroup;
			children = (
				3315D8551C3F7C0900878F7C /* ActionFactory.sks */,
				3315D8561C3F7C0900878F7C /* ActionManager.swift */,
				3315D8571C3F7C0900878F7C /* TestScene.sks */,
			);
			path = Animations;
			sourceTree = "<group>";
		};
		3315D8581C3F7C0900878F7C /* Head */ = {
			isa = PBXGroup;
			children = (
				3315D8591C3F7C0900878F7C /* PetHead.swift */,
			);
			path = Head;
			sourceTree = "<group>";
		};
		3315D85A1C3F7C0900878F7C /* Pets */ = {
			isa = PBXGroup;
			children = (
				3315D85B1C3F7C0900878F7C /* Pando */,
				336EC6221C3FA107007F35B8 /* PetSprite.swift */,
			);
			path = Pets;
			sourceTree = "<group>";
		};
		3315D85B1C3F7C0900878F7C /* Pando */ = {
			isa = PBXGroup;
			children = (
				3315D85C1C3F7C0900878F7C /* PandoSprite.swift */,
				3315D85D1C3F7C0900878F7C /* PandoStateFunctions.swift */,
			);
			path = Pando;
			sourceTree = "<group>";
		};
		3315D8661C3F975600878F7C /* FoodSprites */ = {
			isa = PBXGroup;
			children = (
				3315D8671C3F975600878F7C /* FoodSprite.swift */,
			);
			path = FoodSprites;
			sourceTree = "<group>";
		};
		331E66C71BF6A6B4003AB81D /* HealthKit */ = {
			isa = PBXGroup;
			children = (
				3309FB4F1BF7F72C00BE0310 /* HKHelper.swift */,
				3366C5A91C2373D9001AF86E /* StatsStore.swift */,
			);
			path = HealthKit;
			sourceTree = "<group>";
		};
		3323A2401C65C141009D4260 /* Store Pop Up */ = {
			isa = PBXGroup;
			children = (
				3323A2491C65D2CB009D4260 /* StorePopUpView.xib */,
				3323A2411C65C15E009D4260 /* StorePopUpView.swift */,
				3323A2551C66766D009D4260 /* StorePopUpViewDelegate.swift */,
				3323A2571C668BFB009D4260 /* MessagePopUpView.xib */,
			);
			path = "Store Pop Up";
			sourceTree = "<group>";
		};
		333532651C160273003145AA /* NodeLayers */ = {
			isa = PBXGroup;
			children = (
				3389EEC21C3C440F00EA08FC /* LoadingLayer */,
				333532711C165165003145AA /* MenuLayer */,
				3335326C1C164F6B003145AA /* StatsLayer */,
			);
			path = NodeLayers;
			sourceTree = "<group>";
		};
		3335326C1C164F6B003145AA /* StatsLayer */ = {
			isa = PBXGroup;
			children = (
				3335326D1C164F6B003145AA /* StatsLayer.swift */,
				3335326F1C164FC9003145AA /* StatsLayerUI.swift */,
			);
			path = StatsLayer;
			sourceTree = "<group>";
		};
		333532711C165165003145AA /* MenuLayer */ = {
			isa = PBXGroup;
			children = (
				333532721C165176003145AA /* MenuLayer.swift */,
				333532741C1651D4003145AA /* MenuLayerUI.swift */,
			);
			path = MenuLayer;
			sourceTree = "<group>";
		};
		333C0A931C540A7A00A1C84F /* Cells */ = {
			isa = PBXGroup;
			children = (
				333C0A941C540A8C00A1C84F /* SwitchSettingsCell.xib */,
				333C0A9A1C541E5900A1C84F /* DetailSettingsCell.swift */,
				333C0A9B1C541E5900A1C84F /* DetailSettingsCell.xib */,
				333C0A961C540B6900A1C84F /* SwitchSettingsCell.swift */,
			);
			path = Cells;
			sourceTree = "<group>";
		};
		3346CAE21C37123400921A4B /* Awards Screen */ = {
			isa = PBXGroup;
			children = (
				3346CAE61C37125C00921A4B /* AwardsMainView.swift */,
				3383269F1C38651B00D21CAC /* AwardCell.swift */,
				338326A01C38651B00D21CAC /* AwardCell.xib */,
			);
			path = "Awards Screen";
			sourceTree = "<group>";
		};
		3346CAE31C37123400921A4B /* Leaderboard Screen */ = {
			isa = PBXGroup;
			children = (
				337199C01C3B1DEC008108B6 /* LeaderboardMainView.swift */,
			);
			path = "Leaderboard Screen";
			sourceTree = "<group>";
		};
		3346CAE41C37123400921A4B /* Settings Screen */ = {
			isa = PBXGroup;
			children = (
				333C0A931C540A7A00A1C84F /* Cells */,
				337199C61C3B1E20008108B6 /* SettingsMainView.swift */,
			);
			path = "Settings Screen";
			sourceTree = "<group>";
		};
		3346CAE51C37123400921A4B /* Store Screen */ = {
			isa = PBXGroup;
			children = (
				337199C81C3B1E2A008108B6 /* StoreMainView.swift */,
				333C0AA21C548F2D00A1C84F /* StoreItemCell.xib */,
				333C0AA51C54A07C00A1C84F /* StoreItemCell.swift */,
			);
			path = "Store Screen";
			sourceTree = "<group>";
		};
		334A911F1C44CE95009A324D /* PopUps */ = {
			isa = PBXGroup;
			children = (
				33BEF7151C5F493700DCE27F /* SpriteKit */,
				33BEF7191C5F493700DCE27F /* UIKit */,
			);
			path = PopUps;
			sourceTree = "<group>";
		};
		3366C5A61C2337AF001AF86E /* InitialTests */ = {
			isa = PBXGroup;
			children = (
				3366C5A71C2337C7001AF86E /* Test.swift */,
			);
			path = InitialTests;
			sourceTree = "<group>";
		};
		3366C5B41C24B31F001AF86E /* Extras */ = {
			isa = PBXGroup;
			children = (
				330B40F91C3B3EC300D44558 /* Custom Objects */,
				3366C5B51C24B31F001AF86E /* Extensions */,
				3366C5B61C24B31F001AF86E /* Protocols */,
			);
			path = Extras;
			sourceTree = "<group>";
		};
		3366C5B51C24B31F001AF86E /* Extensions */ = {
			isa = PBXGroup;
			children = (
				33AC1CFF1C24D95D0066FCB3 /* Numbers */,
				3366C5B71C24B38A001AF86E /* Datetime */,
				3366C5BB1C24B38A001AF86E /* SpriteKit */,
				3366C5C01C24B38A001AF86E /* UI */,
				3366C5B91C24B38A001AF86E /* Rx */,
			);
			path = Extensions;
			sourceTree = "<group>";
		};
		3366C5B61C24B31F001AF86E /* Protocols */ = {
			isa = PBXGroup;
			children = (
				3318222E1C28CCA10094245D /* RxCompliant.swift */,
			);
			path = Protocols;
			sourceTree = "<group>";
		};
		3366C5B71C24B38A001AF86E /* Datetime */ = {
			isa = PBXGroup;
			children = (
				336008551C40DB2000FDD89E /* NSDate+Extension.swift */,
				3366C5B81C24B38A001AF86E /* NSNumberFormatter+Extension.swift */,
			);
			path = Datetime;
			sourceTree = "<group>";
		};
		3366C5B91C24B38A001AF86E /* Rx */ = {
			isa = PBXGroup;
			children = (
				3366C5BA1C24B38A001AF86E /* SKLabelNode+Rx.swift */,
			);
			path = Rx;
			sourceTree = "<group>";
		};
		3366C5BB1C24B38A001AF86E /* SpriteKit */ = {
			isa = PBXGroup;
			children = (
				3366C5BC1C24B38A001AF86E /* SKLabelNode+Extension.swift */,
				3366C5BD1C24B38A001AF86E /* SKNode+Extension.swift */,
				3366C5BF1C24B38A001AF86E /* SpriteKit+Spring+Extension.swift */,
				3324827B1C2E55BB00C4655E /* SKAction+Extension.swift */,
			);
			path = SpriteKit;
			sourceTree = "<group>";
		};
		3366C5C01C24B38A001AF86E /* UI */ = {
			isa = PBXGroup;
			children = (
				3366C5C11C24B38A001AF86E /* CGFrame+Extension.swift */,
				3366C5C21C24B38A001AF86E /* CGSize+Extension.swift */,
				3366C5C31C24B38A001AF86E /* UIColor+Extension.swift */,
				33B990781C2F544800D6CA10 /* CGPoint+Extension.swift */,
			);
			path = UI;
			sourceTree = "<group>";
		};
		337199CA1C3B22B6008108B6 /* Protocols */ = {
			isa = PBXGroup;
			children = (
				337199CB1C3B2307008108B6 /* GameManagerHolder.swift */,
				33D307071C5F300C00607DDC /* StoreBuyButtonDelegate.swift */,
			);
			path = Protocols;
			sourceTree = "<group>";
		};
		337847651C1F3D2400B3722D /* Firebase */ = {
			isa = PBXGroup;
			children = (
				337847761C1F6B0D00B3722D /* JSON Models */,
				337847661C1F3D3600B3722D /* FirebaseHelper.swift */,
				337847741C1F556A00B3722D /* Firebase+Rx.swift */,
			);
			path = Firebase;
			sourceTree = "<group>";
		};
		337847761C1F6B0D00B3722D /* JSON Models */ = {
			isa = PBXGroup;
			children = (
				337847771C1F6B4000B3722D /* UserJsonModel.swift */,
				337847821C22202E00B3722D /* PetJsonModel.swift */,
			);
			path = "JSON Models";
			sourceTree = "<group>";
		};
		338368CE1BF67852006407FF = {
			isa = PBXGroup;
			children = (
				33908FD51C94A06F00855238 /* Realm.framework */,
				33908FD61C94A06F00855238 /* RealmSwift.framework */,
				338368D91BF67852006407FF /* ProjectCreature */,
				338368F21BF67852006407FF /* ProjectCreatureTests */,
				338368FD1BF67852006407FF /* ProjectCreatureUITests */,
				338368D81BF67852006407FF /* Products */,
			);
			sourceTree = "<group>";
		};
		338368D81BF67852006407FF /* Products */ = {
			isa = PBXGroup;
			children = (
				338368D71BF67852006407FF /* ProjectCreature.app */,
				338368EF1BF67852006407FF /* ProjectCreatureTests.xctest */,
				338368FA1BF67852006407FF /* ProjectCreatureUITests.xctest */,
			);
			name = Products;
			sourceTree = "<group>";
		};
		338368D91BF67852006407FF /* ProjectCreature */ = {
			isa = PBXGroup;
			children = (
				3309FB4E1BF7F64300BE0310 /* ProjectCreature.entitlements */,
				3383692C1BF69FE6006407FF /* UI */,
				339874261BFFFE5E00F47B2B /* Game */,
				33BBFD611C121EB600E76511 /* DataModels */,
				337847651C1F3D2400B3722D /* Firebase */,
				331E66C71BF6A6B4003AB81D /* HealthKit */,
				3366C5B41C24B31F001AF86E /* Extras */,
				3366C5A61C2337AF001AF86E /* InitialTests */,
				338369191BF69042006407FF /* Frameworks */,
				338369171BF68F46006407FF /* Bridging */,
				338368DA1BF67852006407FF /* AppDelegate.swift */,
				338368E21BF67852006407FF /* Main.storyboard */,
				338368E51BF67852006407FF /* Assets.xcassets */,
				338368E71BF67852006407FF /* LaunchScreen.storyboard */,
				338368EA1BF67852006407FF /* Info.plist */,
			);
			path = ProjectCreature;
			sourceTree = "<group>";
		};
		338368F21BF67852006407FF /* ProjectCreatureTests */ = {
			isa = PBXGroup;
			children = (
				338368F31BF67852006407FF /* ProjectCreatureTests.swift */,
				338368F51BF67852006407FF /* Info.plist */,
			);
			path = ProjectCreatureTests;
			sourceTree = "<group>";
		};
		338368FD1BF67852006407FF /* ProjectCreatureUITests */ = {
			isa = PBXGroup;
			children = (
				338368FE1BF67852006407FF /* ProjectCreatureUITests.swift */,
				338369001BF67852006407FF /* Info.plist */,
			);
			path = ProjectCreatureUITests;
			sourceTree = "<group>";
		};
		338369171BF68F46006407FF /* Bridging */ = {
			isa = PBXGroup;
			children = (
				338369181BF68F46006407FF /* ProjectCreature-Bridging-Header.h */,
			);
			path = Bridging;
			sourceTree = "<group>";
		};
		338369191BF69042006407FF /* Frameworks */ = {
			isa = PBXGroup;
			children = (
				3324EA891C4EFD57000D7A21 /* RxCocoa.framework */,
				337847791C1F6D3200B3722D /* Gloss.framework */,
				3378476C1C1F408700B3722D /* libc++.tbd */,
				3378476A1C1F407F00B3722D /* libicucore.tbd */,
				337847721C1F40A000B3722D /* SystemConfiguration.framework */,
				337847701C1F409400B3722D /* Security.framework */,
				3378476E1C1F408D00B3722D /* CFNetwork.framework */,
				3378475F1C1E5EAE00B3722D /* Firebase.framework */,
				339DA2C61C0F6E430025F064 /* RxBlocking.framework */,
				339DA2C71C0F6E430025F064 /* RxCocoa.framework */,
				339DA2C81C0F6E430025F064 /* RxSwift.framework */,
				3309FB4C1BF7F64300BE0310 /* HealthKit.framework */,
			);
			path = Frameworks;
			sourceTree = "<group>";
		};
		3383692C1BF69FE6006407FF /* UI */ = {
			isa = PBXGroup;
			children = (
				334A911F1C44CE95009A324D /* PopUps */,
				333532651C160273003145AA /* NodeLayers */,
				33BBFD661C121F8300E76511 /* Scenes */,
				33BBFD5D1C121E9900E76511 /* ViewModels */,
				3383692D1BF69FE6006407FF /* View Controllers */,
				33BBFD5F1C121E9900E76511 /* Views */,
				3315D8531C3F7C0900878F7C /* PetSprites */,
				3315D8661C3F975600878F7C /* FoodSprites */,
				33BBFD721C121F8300E76511 /* Subclasses */,
			);
			path = UI;
			sourceTree = "<group>";
		};
		3383692D1BF69FE6006407FF /* View Controllers */ = {
			isa = PBXGroup;
			children = (
				337199CA1C3B22B6008108B6 /* Protocols */,
				331E66D21BF6AEDB003AB81D /* MainViewController.swift */,
				330C80ED1C33164700ADF713 /* AwardsViewController.swift */,
				337199BE1C3B1DD6008108B6 /* LeaderboardViewController.swift */,
				337199C21C3B1E09008108B6 /* StoreViewController.swift */,
				337199C41C3B1E11008108B6 /* SettingsViewController.swift */,
			);
			path = "View Controllers";
			sourceTree = "<group>";
		};
		3389EEC21C3C440F00EA08FC /* LoadingLayer */ = {
			isa = PBXGroup;
			children = (
				3389EEC31C3C442800EA08FC /* LoadingLayer.swift */,
			);
			path = LoadingLayer;
			sourceTree = "<group>";
		};
		339874261BFFFE5E00F47B2B /* Game */ = {
			isa = PBXGroup;
			children = (
				339874271BFFFE7200F47B2B /* GameManager.swift */,
				33E9C52A1C7A48F400B9A973 /* PetManager.swift */,
				33D877541C63317500AFDF3D /* FoodManager.swift */,
				33EFAE9D1C61E851007F8A49 /* StoreManager.swift */,
				33B578F21C6ADBF70080D9B7 /* StoreManagerDelegate.swift */,
				335FDA531C8682CD005564A5 /* NotificationManager.swift */,
			);
			path = Game;
			sourceTree = "<group>";
		};
		33AC1CFF1C24D95D0066FCB3 /* Numbers */ = {
			isa = PBXGroup;
			children = (
				33B9907A1C2F5C9400D6CA10 /* CGFloat+Extension.swift */,
				339914301C310D8500268C2A /* Double+Extension.swift */,
				339914321C310DE800268C2A /* Float+Extension.swift */,
			);
			path = Numbers;
			sourceTree = "<group>";
		};
		33BBFD5D1C121E9900E76511 /* ViewModels */ = {
			isa = PBXGroup;
			children = (
				33BBFD5E1C121E9900E76511 /* DashboardViewModel.swift */,
				330F6B4C1C151557004CCAED /* StatsViewModel.swift */,
				333C0A981C5419D900A1C84F /* SettingsViewModel.swift */,
				33D307011C5F2B6D00607DDC /* StoreViewModel.swift */,
			);
			path = ViewModels;
			sourceTree = "<group>";
		};
		33BBFD5F1C121E9900E76511 /* Views */ = {
			isa = PBXGroup;
			children = (
				3346CAE21C37123400921A4B /* Awards Screen */,
				3346CAE31C37123400921A4B /* Leaderboard Screen */,
				3346CAE41C37123400921A4B /* Settings Screen */,
				3346CAE51C37123400921A4B /* Store Screen */,
			);
			path = Views;
			sourceTree = "<group>";
		};
		33BBFD611C121EB600E76511 /* DataModels */ = {
			isa = PBXGroup;
			children = (
				337847611C1E826500B3722D /* Pet.swift */,
				337847631C1EA1F100B3722D /* User.swift */,
				33FC7CB41C3E594700012283 /* Food.swift */,
				33D307031C5F2BEE00607DDC /* StoreItem.swift */,
				33EFAE9F1C61EB74007F8A49 /* ItemEffect.swift */,
				33D307051C5F2D4100607DDC /* Achievement.swift */,
			);
			path = DataModels;
			sourceTree = "<group>";
		};
		33BBFD661C121F8300E76511 /* Scenes */ = {
			isa = PBXGroup;
			children = (
				33BBFD671C121F8300E76511 /* DashboardScene */,
			);
			path = Scenes;
			sourceTree = "<group>";
		};
		33BBFD671C121F8300E76511 /* DashboardScene */ = {
			isa = PBXGroup;
			children = (
				33BBFD6C1C121F8300E76511 /* DashboardScene.swift */,
				33BBFD6D1C121F8300E76511 /* DashboardSceneUI.swift */,
				333532761C169158003145AA /* DashboardSceneAnimations.swift */,
			);
			path = DashboardScene;
			sourceTree = "<group>";
		};
		33BBFD721C121F8300E76511 /* Subclasses */ = {
			isa = PBXGroup;
			children = (
				33AC1D021C266F170066FCB3 /* BarVertical.swift */,
				33BBFD731C121F8300E76511 /* BarHorizontal.swift */,
				3355570A1C1BA0530027FAE4 /* CircleProgressBar.swift */,
				3378475D1C1E054700B3722D /* SKButtonSprite.swift */,
				3366C5AB1C2390FA001AF86E /* HistogramPointer.swift */,
			);
			path = Subclasses;
			sourceTree = "<group>";
		};
		33BEF7151C5F493700DCE27F /* SpriteKit */ = {
			isa = PBXGroup;
			children = (
				33BEF7161C5F493700DCE27F /* LevelUpPopUp.swift */,
				33BEF7171C5F493700DCE27F /* PopUpLayer.swift */,
				33BEF7181C5F493700DCE27F /* ProgressReportPopUp.swift */,
			);
			path = SpriteKit;
			sourceTree = "<group>";
		};
		33BEF7191C5F493700DCE27F /* UIKit */ = {
			isa = PBXGroup;
			children = (
				3323A2401C65C141009D4260 /* Store Pop Up */,
				3323A24B1C65D2F0009D4260 /* PopUpViewable.swift */,
				3323A25B1C668DB9009D4260 /* PopUpBaseView.swift */,
				3323A24D1C65FACF009D4260 /* PopUpBaseView.xib */,
				3323A25D1C668FB9009D4260 /* SimpleMessagePopUpView.swift */,
				3323A25F1C668FC3009D4260 /* SimpleMessagePopUpView.xib */,
				3323A2591C668CB7009D4260 /* MessagePopUpView.swift */,
			);
			path = UIKit;
			sourceTree = "<group>";
		};
/* End PBXGroup section */

/* Begin PBXNativeTarget section */
		338368D61BF67852006407FF /* ProjectCreature */ = {
			isa = PBXNativeTarget;
			buildConfigurationList = 338369031BF67852006407FF /* Build configuration list for PBXNativeTarget "ProjectCreature" */;
			buildPhases = (
				338368D31BF67852006407FF /* Sources */,
				338368D41BF67852006407FF /* Frameworks */,
				338368D51BF67852006407FF /* Resources */,
				339DA2D21C0F6E8B0025F064 /* Embed Frameworks */,
			);
			buildRules = (
			);
			dependencies = (
			);
			name = ProjectCreature;
			productName = ProjectCreature;
			productReference = 338368D71BF67852006407FF /* ProjectCreature.app */;
			productType = "com.apple.product-type.application";
		};
		338368EE1BF67852006407FF /* ProjectCreatureTests */ = {
			isa = PBXNativeTarget;
			buildConfigurationList = 338369061BF67852006407FF /* Build configuration list for PBXNativeTarget "ProjectCreatureTests" */;
			buildPhases = (
				338368EB1BF67852006407FF /* Sources */,
				338368EC1BF67852006407FF /* Frameworks */,
				338368ED1BF67852006407FF /* Resources */,
			);
			buildRules = (
			);
			dependencies = (
				338368F11BF67852006407FF /* PBXTargetDependency */,
			);
			name = ProjectCreatureTests;
			productName = ProjectCreatureTests;
			productReference = 338368EF1BF67852006407FF /* ProjectCreatureTests.xctest */;
			productType = "com.apple.product-type.bundle.unit-test";
		};
		338368F91BF67852006407FF /* ProjectCreatureUITests */ = {
			isa = PBXNativeTarget;
			buildConfigurationList = 338369091BF67852006407FF /* Build configuration list for PBXNativeTarget "ProjectCreatureUITests" */;
			buildPhases = (
				338368F61BF67852006407FF /* Sources */,
				338368F71BF67852006407FF /* Frameworks */,
				338368F81BF67852006407FF /* Resources */,
			);
			buildRules = (
			);
			dependencies = (
				338368FC1BF67852006407FF /* PBXTargetDependency */,
			);
			name = ProjectCreatureUITests;
			productName = ProjectCreatureUITests;
			productReference = 338368FA1BF67852006407FF /* ProjectCreatureUITests.xctest */;
			productType = "com.apple.product-type.bundle.ui-testing";
		};
/* End PBXNativeTarget section */

/* Begin PBXProject section */
		338368CF1BF67852006407FF /* Project object */ = {
			isa = PBXProject;
			attributes = {
				LastSwiftUpdateCheck = 0710;
				LastUpgradeCheck = 0720;
				ORGANIZATIONNAME = BeingAdrian;
				TargetAttributes = {
					338368D61BF67852006407FF = {
						CreatedOnToolsVersion = 7.1.1;
						DevelopmentTeam = E94PZ6NN69;
						SystemCapabilities = {
							com.apple.HealthKit = {
								enabled = 1;
							};
						};
					};
					338368EE1BF67852006407FF = {
						CreatedOnToolsVersion = 7.1.1;
						TestTargetID = 338368D61BF67852006407FF;
					};
					338368F91BF67852006407FF = {
						CreatedOnToolsVersion = 7.1.1;
						TestTargetID = 338368D61BF67852006407FF;
					};
				};
			};
			buildConfigurationList = 338368D21BF67852006407FF /* Build configuration list for PBXProject "ProjectCreature" */;
			compatibilityVersion = "Xcode 3.2";
			developmentRegion = English;
			hasScannedForEncodings = 0;
			knownRegions = (
				en,
				Base,
			);
			mainGroup = 338368CE1BF67852006407FF;
			productRefGroup = 338368D81BF67852006407FF /* Products */;
			projectDirPath = "";
			projectRoot = "";
			targets = (
				338368D61BF67852006407FF /* ProjectCreature */,
				338368EE1BF67852006407FF /* ProjectCreatureTests */,
				338368F91BF67852006407FF /* ProjectCreatureUITests */,
			);
		};
/* End PBXProject section */

/* Begin PBXResourcesBuildPhase section */
		338368D51BF67852006407FF /* Resources */ = {
			isa = PBXResourcesBuildPhase;
			buildActionMask = 2147483647;
			files = (
				3315D8611C3F7C0900878F7C /* TestScene.sks in Resources */,
				3323A2581C668BFB009D4260 /* MessagePopUpView.xib in Resources */,
				333C0AA41C548F2D00A1C84F /* StoreItemCell.xib in Resources */,
				338368E91BF67852006407FF /* LaunchScreen.storyboard in Resources */,
				3323A24E1C65FACF009D4260 /* PopUpBaseView.xib in Resources */,
				333C0A951C540A8C00A1C84F /* SwitchSettingsCell.xib in Resources */,
				333C0A9D1C541E5900A1C84F /* DetailSettingsCell.xib in Resources */,
				3323A24A1C65D2CB009D4260 /* StorePopUpView.xib in Resources */,
				338368E61BF67852006407FF /* Assets.xcassets in Resources */,
				338326A21C38651B00D21CAC /* AwardCell.xib in Resources */,
				3315D85F1C3F7C0900878F7C /* ActionFactory.sks in Resources */,
				338368E41BF67852006407FF /* Main.storyboard in Resources */,
				3323A2601C668FC3009D4260 /* SimpleMessagePopUpView.xib in Resources */,
			);
			runOnlyForDeploymentPostprocessing = 0;
		};
		338368ED1BF67852006407FF /* Resources */ = {
			isa = PBXResourcesBuildPhase;
			buildActionMask = 2147483647;
			files = (
			);
			runOnlyForDeploymentPostprocessing = 0;
		};
		338368F81BF67852006407FF /* Resources */ = {
			isa = PBXResourcesBuildPhase;
			buildActionMask = 2147483647;
			files = (
			);
			runOnlyForDeploymentPostprocessing = 0;
		};
/* End PBXResourcesBuildPhase section */

/* Begin PBXSourcesBuildPhase section */
		338368D31BF67852006407FF /* Sources */ = {
			isa = PBXSourcesBuildPhase;
			buildActionMask = 2147483647;
			files = (
				335FDA541C8682CD005564A5 /* NotificationManager.swift in Sources */,
				3346CAE71C37125C00921A4B /* AwardsMainView.swift in Sources */,
				3366C5C91C24B38A001AF86E /* SpriteKit+Spring+Extension.swift in Sources */,
				337847671C1F3D3600B3722D /* FirebaseHelper.swift in Sources */,
				337199CC1C3B2307008108B6 /* GameManagerHolder.swift in Sources */,
				33D307021C5F2B6D00607DDC /* StoreViewModel.swift in Sources */,
				337847621C1E826500B3722D /* Pet.swift in Sources */,
				3378475E1C1E054700B3722D /* SKButtonSprite.swift in Sources */,
				3324827C1C2E55BB00C4655E /* SKAction+Extension.swift in Sources */,
				33D307061C5F2D4100607DDC /* Achievement.swift in Sources */,
				3366C5CA1C24B38A001AF86E /* CGFrame+Extension.swift in Sources */,
				3318222F1C28CCA10094245D /* RxCompliant.swift in Sources */,
				3315D8601C3F7C0900878F7C /* ActionManager.swift in Sources */,
				33BBFD7B1C121F8300E76511 /* DashboardSceneUI.swift in Sources */,
				3315D8621C3F7C0900878F7C /* PetHead.swift in Sources */,
				33BBFD7F1C121F8300E76511 /* BarHorizontal.swift in Sources */,
				330B40FB1C3B3ECE00D44558 /* SKTimer.swift in Sources */,
				33AC1D031C266F170066FCB3 /* BarVertical.swift in Sources */,
				3366C5A81C2337C7001AF86E /* Test.swift in Sources */,
				339914331C310DE800268C2A /* Float+Extension.swift in Sources */,
				3366C5C51C24B38A001AF86E /* SKLabelNode+Rx.swift in Sources */,
				3323A25A1C668CB7009D4260 /* MessagePopUpView.swift in Sources */,
				336EC6231C3FA107007F35B8 /* PetSprite.swift in Sources */,
				337199C31C3B1E09008108B6 /* StoreViewController.swift in Sources */,
				338326A11C38651B00D21CAC /* AwardCell.swift in Sources */,
				3323A25C1C668DB9009D4260 /* PopUpBaseView.swift in Sources */,
				3355570B1C1BA0530027FAE4 /* CircleProgressBar.swift in Sources */,
				3315D8681C3F975600878F7C /* FoodSprite.swift in Sources */,
				33EFAE9E1C61E851007F8A49 /* StoreManager.swift in Sources */,
				3323A24C1C65D2F0009D4260 /* PopUpViewable.swift in Sources */,
				33BEF71B1C5F493700DCE27F /* LevelUpPopUp.swift in Sources */,
				33B990791C2F544800D6CA10 /* CGPoint+Extension.swift in Sources */,
				336008561C40DB2000FDD89E /* NSDate+Extension.swift in Sources */,
				337847641C1EA1F100B3722D /* User.swift in Sources */,
				33BEF71D1C5F493700DCE27F /* ProgressReportPopUp.swift in Sources */,
				33E9C52B1C7A48F400B9A973 /* PetManager.swift in Sources */,
				337199BF1C3B1DD6008108B6 /* LeaderboardViewController.swift in Sources */,
				338368DB1BF67852006407FF /* AppDelegate.swift in Sources */,
				33EFAEA01C61EB74007F8A49 /* ItemEffect.swift in Sources */,
				3389EEC41C3C442800EA08FC /* LoadingLayer.swift in Sources */,
				33BEF71C1C5F493700DCE27F /* PopUpLayer.swift in Sources */,
				337199C51C3B1E11008108B6 /* SettingsViewController.swift in Sources */,
				3315D8631C3F7C0900878F7C /* PandoSprite.swift in Sources */,
				33D877551C63317500AFDF3D /* FoodManager.swift in Sources */,
				33BBFD7A1C121F8300E76511 /* DashboardScene.swift in Sources */,
				3366C5CB1C24B38A001AF86E /* CGSize+Extension.swift in Sources */,
				333532771C169158003145AA /* DashboardSceneAnimations.swift in Sources */,
				337847781C1F6B4000B3722D /* UserJsonModel.swift in Sources */,
				3323A25E1C668FB9009D4260 /* SimpleMessagePopUpView.swift in Sources */,
				333532701C164FC9003145AA /* StatsLayerUI.swift in Sources */,
				337199C11C3B1DEC008108B6 /* LeaderboardMainView.swift in Sources */,
				333532751C1651D4003145AA /* MenuLayerUI.swift in Sources */,
				33BBFD601C121E9900E76511 /* DashboardViewModel.swift in Sources */,
				3366C5C61C24B38A001AF86E /* SKLabelNode+Extension.swift in Sources */,
				337847751C1F556A00B3722D /* Firebase+Rx.swift in Sources */,
				333C0A9C1C541E5900A1C84F /* DetailSettingsCell.swift in Sources */,
				330F6B4D1C151557004CCAED /* StatsViewModel.swift in Sources */,
				33FC7CB51C3E594700012283 /* Food.swift in Sources */,
				3366C5AA1C2373D9001AF86E /* StatsStore.swift in Sources */,
				33D307041C5F2BEE00607DDC /* StoreItem.swift in Sources */,
				333532731C165176003145AA /* MenuLayer.swift in Sources */,
				3366C5AC1C2390FA001AF86E /* HistogramPointer.swift in Sources */,
				33D307081C5F300C00607DDC /* StoreBuyButtonDelegate.swift in Sources */,
				33B578F31C6ADBF70080D9B7 /* StoreManagerDelegate.swift in Sources */,
				337199C91C3B1E2A008108B6 /* StoreMainView.swift in Sources */,
				337199C71C3B1E20008108B6 /* SettingsMainView.swift in Sources */,
				339874281BFFFE7200F47B2B /* GameManager.swift in Sources */,
				337847831C22202E00B3722D /* PetJsonModel.swift in Sources */,
				33B9907B1C2F5C9400D6CA10 /* CGFloat+Extension.swift in Sources */,
				333C0A971C540B6900A1C84F /* SwitchSettingsCell.swift in Sources */,
				330C80EE1C33164700ADF713 /* AwardsViewController.swift in Sources */,
				3309FB501BF7F72C00BE0310 /* HKHelper.swift in Sources */,
				3323A2421C65C15E009D4260 /* StorePopUpView.swift in Sources */,
				3366C5C41C24B38A001AF86E /* NSNumberFormatter+Extension.swift in Sources */,
				3315D8641C3F7C0900878F7C /* PandoStateFunctions.swift in Sources */,
				333C0AA61C54A07C00A1C84F /* StoreItemCell.swift in Sources */,
				3366C5CC1C24B38A001AF86E /* UIColor+Extension.swift in Sources */,
				333C0A991C5419D900A1C84F /* SettingsViewModel.swift in Sources */,
				3335326E1C164F6B003145AA /* StatsLayer.swift in Sources */,
				339914311C310D8500268C2A /* Double+Extension.swift in Sources */,
				3366C5C71C24B38A001AF86E /* SKNode+Extension.swift in Sources */,
				3323A2561C66766D009D4260 /* StorePopUpViewDelegate.swift in Sources */,
				331E66D31BF6AEDB003AB81D /* MainViewController.swift in Sources */,
			);
			runOnlyForDeploymentPostprocessing = 0;
		};
		338368EB1BF67852006407FF /* Sources */ = {
			isa = PBXSourcesBuildPhase;
			buildActionMask = 2147483647;
			files = (
				338368F41BF67852006407FF /* ProjectCreatureTests.swift in Sources */,
			);
			runOnlyForDeploymentPostprocessing = 0;
		};
		338368F61BF67852006407FF /* Sources */ = {
			isa = PBXSourcesBuildPhase;
			buildActionMask = 2147483647;
			files = (
				338368FF1BF67852006407FF /* ProjectCreatureUITests.swift in Sources */,
			);
			runOnlyForDeploymentPostprocessing = 0;
		};
/* End PBXSourcesBuildPhase section */

/* Begin PBXTargetDependency section */
		338368F11BF67852006407FF /* PBXTargetDependency */ = {
			isa = PBXTargetDependency;
			target = 338368D61BF67852006407FF /* ProjectCreature */;
			targetProxy = 338368F01BF67852006407FF /* PBXContainerItemProxy */;
		};
		338368FC1BF67852006407FF /* PBXTargetDependency */ = {
			isa = PBXTargetDependency;
			target = 338368D61BF67852006407FF /* ProjectCreature */;
			targetProxy = 338368FB1BF67852006407FF /* PBXContainerItemProxy */;
		};
/* End PBXTargetDependency section */

/* Begin PBXVariantGroup section */
		338368E21BF67852006407FF /* Main.storyboard */ = {
			isa = PBXVariantGroup;
			children = (
				338368E31BF67852006407FF /* Base */,
			);
			name = Main.storyboard;
			sourceTree = "<group>";
		};
		338368E71BF67852006407FF /* LaunchScreen.storyboard */ = {
			isa = PBXVariantGroup;
			children = (
				338368E81BF67852006407FF /* Base */,
			);
			name = LaunchScreen.storyboard;
			sourceTree = "<group>";
		};
/* End PBXVariantGroup section */

/* Begin XCBuildConfiguration section */
		338369011BF67852006407FF /* Debug */ = {
			isa = XCBuildConfiguration;
			buildSettings = {
				ALWAYS_SEARCH_USER_PATHS = NO;
				CLANG_CXX_LANGUAGE_STANDARD = "gnu++0x";
				CLANG_CXX_LIBRARY = "libc++";
				CLANG_ENABLE_MODULES = YES;
				CLANG_ENABLE_OBJC_ARC = YES;
				CLANG_WARN_BOOL_CONVERSION = YES;
				CLANG_WARN_CONSTANT_CONVERSION = YES;
				CLANG_WARN_DIRECT_OBJC_ISA_USAGE = YES_ERROR;
				CLANG_WARN_EMPTY_BODY = YES;
				CLANG_WARN_ENUM_CONVERSION = YES;
				CLANG_WARN_INT_CONVERSION = YES;
				CLANG_WARN_OBJC_ROOT_CLASS = YES_ERROR;
				CLANG_WARN_UNREACHABLE_CODE = YES;
				CLANG_WARN__DUPLICATE_METHOD_MATCH = YES;
				"CODE_SIGN_IDENTITY[sdk=iphoneos*]" = "iPhone Developer";
				COPY_PHASE_STRIP = NO;
				DEBUG_INFORMATION_FORMAT = "dwarf-with-dsym";
				ENABLE_STRICT_OBJC_MSGSEND = YES;
				ENABLE_TESTABILITY = YES;
				GCC_C_LANGUAGE_STANDARD = gnu99;
				GCC_DYNAMIC_NO_PIC = NO;
				GCC_NO_COMMON_BLOCKS = YES;
				GCC_OPTIMIZATION_LEVEL = 0;
				GCC_PREPROCESSOR_DEFINITIONS = (
					"DEBUG=1",
					"$(inherited)",
				);
				GCC_WARN_64_TO_32_BIT_CONVERSION = YES;
				GCC_WARN_ABOUT_RETURN_TYPE = YES_ERROR;
				GCC_WARN_UNDECLARED_SELECTOR = YES;
				GCC_WARN_UNINITIALIZED_AUTOS = YES_AGGRESSIVE;
				GCC_WARN_UNUSED_FUNCTION = YES;
				GCC_WARN_UNUSED_VARIABLE = YES;
				IPHONEOS_DEPLOYMENT_TARGET = 9.1;
				MTL_ENABLE_DEBUG_INFO = YES;
				ONLY_ACTIVE_ARCH = YES;
				SDKROOT = iphoneos;
				SWIFT_OPTIMIZATION_LEVEL = "-Onone";
			};
			name = Debug;
		};
		338369021BF67852006407FF /* Release */ = {
			isa = XCBuildConfiguration;
			buildSettings = {
				ALWAYS_SEARCH_USER_PATHS = NO;
				CLANG_CXX_LANGUAGE_STANDARD = "gnu++0x";
				CLANG_CXX_LIBRARY = "libc++";
				CLANG_ENABLE_MODULES = YES;
				CLANG_ENABLE_OBJC_ARC = YES;
				CLANG_WARN_BOOL_CONVERSION = YES;
				CLANG_WARN_CONSTANT_CONVERSION = YES;
				CLANG_WARN_DIRECT_OBJC_ISA_USAGE = YES_ERROR;
				CLANG_WARN_EMPTY_BODY = YES;
				CLANG_WARN_ENUM_CONVERSION = YES;
				CLANG_WARN_INT_CONVERSION = YES;
				CLANG_WARN_OBJC_ROOT_CLASS = YES_ERROR;
				CLANG_WARN_UNREACHABLE_CODE = YES;
				CLANG_WARN__DUPLICATE_METHOD_MATCH = YES;
				"CODE_SIGN_IDENTITY[sdk=iphoneos*]" = "iPhone Developer";
				COPY_PHASE_STRIP = NO;
				DEBUG_INFORMATION_FORMAT = "dwarf-with-dsym";
				ENABLE_NS_ASSERTIONS = NO;
				ENABLE_STRICT_OBJC_MSGSEND = YES;
				GCC_C_LANGUAGE_STANDARD = gnu99;
				GCC_NO_COMMON_BLOCKS = YES;
				GCC_WARN_64_TO_32_BIT_CONVERSION = YES;
				GCC_WARN_ABOUT_RETURN_TYPE = YES_ERROR;
				GCC_WARN_UNDECLARED_SELECTOR = YES;
				GCC_WARN_UNINITIALIZED_AUTOS = YES_AGGRESSIVE;
				GCC_WARN_UNUSED_FUNCTION = YES;
				GCC_WARN_UNUSED_VARIABLE = YES;
				IPHONEOS_DEPLOYMENT_TARGET = 9.1;
				MTL_ENABLE_DEBUG_INFO = NO;
				SDKROOT = iphoneos;
				VALIDATE_PRODUCT = YES;
			};
			name = Release;
		};
		338369041BF67852006407FF /* Debug */ = {
			isa = XCBuildConfiguration;
			buildSettings = {
				ASSETCATALOG_COMPILER_APPICON_NAME = AppIcon;
				CLANG_ENABLE_MODULES = YES;
				CODE_SIGN_IDENTITY = "iPhone Developer";
				"CODE_SIGN_IDENTITY[sdk=iphoneos*]" = "iPhone Developer";
				FRAMEWORK_SEARCH_PATHS = (
					"$(inherited)",
					"$(PROJECT_DIR)/ProjectCreature/Frameworks",
					"$(PROJECT_DIR)/Carthage/Build/iOS",
				);
				INFOPLIST_FILE = ProjectCreature/Info.plist;
				LD_RUNPATH_SEARCH_PATHS = "$(inherited) @executable_path/Frameworks";
				PRODUCT_BUNDLE_IDENTIFIER = com.beingadrian.ProjectCreature;
				PRODUCT_NAME = "$(TARGET_NAME)";
				PROVISIONING_PROFILE = "e43548a9-698a-4640-9fe7-f185bd248c21";
				SWIFT_OBJC_BRIDGING_HEADER = "ProjectCreature/Bridging/ProjectCreature-Bridging-Header.h";
				SWIFT_OPTIMIZATION_LEVEL = "-Onone";
			};
			name = Debug;
		};
		338369051BF67852006407FF /* Release */ = {
			isa = XCBuildConfiguration;
			buildSettings = {
				ASSETCATALOG_COMPILER_APPICON_NAME = AppIcon;
				CLANG_ENABLE_MODULES = YES;
				CODE_SIGN_IDENTITY = "iPhone Developer";
				"CODE_SIGN_IDENTITY[sdk=iphoneos*]" = "iPhone Developer";
				FRAMEWORK_SEARCH_PATHS = (
					"$(inherited)",
					"$(PROJECT_DIR)/ProjectCreature/Frameworks",
					"$(PROJECT_DIR)/Carthage/Build/iOS",
				);
				INFOPLIST_FILE = ProjectCreature/Info.plist;
				LD_RUNPATH_SEARCH_PATHS = "$(inherited) @executable_path/Frameworks";
				PRODUCT_BUNDLE_IDENTIFIER = com.beingadrian.ProjectCreature;
				PRODUCT_NAME = "$(TARGET_NAME)";
				PROVISIONING_PROFILE = "e43548a9-698a-4640-9fe7-f185bd248c21";
				SWIFT_OBJC_BRIDGING_HEADER = "ProjectCreature/Bridging/ProjectCreature-Bridging-Header.h";
			};
			name = Release;
		};
		338369071BF67852006407FF /* Debug */ = {
			isa = XCBuildConfiguration;
			buildSettings = {
				BUNDLE_LOADER = "$(TEST_HOST)";
				DEBUG_INFORMATION_FORMAT = dwarf;
				INFOPLIST_FILE = ProjectCreatureTests/Info.plist;
				LD_RUNPATH_SEARCH_PATHS = "$(inherited) @executable_path/Frameworks @loader_path/Frameworks";
				PRODUCT_BUNDLE_IDENTIFIER = com.beingadrian.ProjectCreatureTests;
				PRODUCT_NAME = "$(TARGET_NAME)";
				TEST_HOST = "$(BUILT_PRODUCTS_DIR)/ProjectCreature.app/ProjectCreature";
			};
			name = Debug;
		};
		338369081BF67852006407FF /* Release */ = {
			isa = XCBuildConfiguration;
			buildSettings = {
				BUNDLE_LOADER = "$(TEST_HOST)";
				INFOPLIST_FILE = ProjectCreatureTests/Info.plist;
				LD_RUNPATH_SEARCH_PATHS = "$(inherited) @executable_path/Frameworks @loader_path/Frameworks";
				PRODUCT_BUNDLE_IDENTIFIER = com.beingadrian.ProjectCreatureTests;
				PRODUCT_NAME = "$(TARGET_NAME)";
				TEST_HOST = "$(BUILT_PRODUCTS_DIR)/ProjectCreature.app/ProjectCreature";
			};
			name = Release;
		};
		3383690A1BF67852006407FF /* Debug */ = {
			isa = XCBuildConfiguration;
			buildSettings = {
				DEBUG_INFORMATION_FORMAT = dwarf;
				INFOPLIST_FILE = ProjectCreatureUITests/Info.plist;
				LD_RUNPATH_SEARCH_PATHS = "$(inherited) @executable_path/Frameworks @loader_path/Frameworks";
				PRODUCT_BUNDLE_IDENTIFIER = com.beingadrian.ProjectCreatureUITests;
				PRODUCT_NAME = "$(TARGET_NAME)";
				REEXPORTED_FRAMEWORK_NAMES = "";
				TEST_TARGET_NAME = ProjectCreature;
				USES_XCTRUNNER = YES;
			};
			name = Debug;
		};
		3383690B1BF67852006407FF /* Release */ = {
			isa = XCBuildConfiguration;
			buildSettings = {
				INFOPLIST_FILE = ProjectCreatureUITests/Info.plist;
				LD_RUNPATH_SEARCH_PATHS = "$(inherited) @executable_path/Frameworks @loader_path/Frameworks";
				PRODUCT_BUNDLE_IDENTIFIER = com.beingadrian.ProjectCreatureUITests;
				PRODUCT_NAME = "$(TARGET_NAME)";
				REEXPORTED_FRAMEWORK_NAMES = "";
				TEST_TARGET_NAME = ProjectCreature;
				USES_XCTRUNNER = YES;
			};
			name = Release;
		};
/* End XCBuildConfiguration section */

/* Begin XCConfigurationList section */
		338368D21BF67852006407FF /* Build configuration list for PBXProject "ProjectCreature" */ = {
			isa = XCConfigurationList;
			buildConfigurations = (
				338369011BF67852006407FF /* Debug */,
				338369021BF67852006407FF /* Release */,
			);
			defaultConfigurationIsVisible = 0;
			defaultConfigurationName = Release;
		};
		338369031BF67852006407FF /* Build configuration list for PBXNativeTarget "ProjectCreature" */ = {
			isa = XCConfigurationList;
			buildConfigurations = (
				338369041BF67852006407FF /* Debug */,
				338369051BF67852006407FF /* Release */,
			);
			defaultConfigurationIsVisible = 0;
			defaultConfigurationName = Release;
		};
		338369061BF67852006407FF /* Build configuration list for PBXNativeTarget "ProjectCreatureTests" */ = {
			isa = XCConfigurationList;
			buildConfigurations = (
				338369071BF67852006407FF /* Debug */,
				338369081BF67852006407FF /* Release */,
			);
			defaultConfigurationIsVisible = 0;
			defaultConfigurationName = Release;
		};
		338369091BF67852006407FF /* Build configuration list for PBXNativeTarget "ProjectCreatureUITests" */ = {
			isa = XCConfigurationList;
			buildConfigurations = (
				3383690A1BF67852006407FF /* Debug */,
				3383690B1BF67852006407FF /* Release */,
			);
			defaultConfigurationIsVisible = 0;
			defaultConfigurationName = Release;
		};
/* End XCConfigurationList section */
	};
	rootObject = 338368CF1BF67852006407FF /* Project object */;
}
