// !$*UTF8*$!
{
	archiveVersion = 1;
	classes = {
	};
	objectVersion = 46;
	objects = {

/* Begin PBXBuildFile section */
		3309FB4D1BF7F64300BE0310 /* HealthKit.framework in Frameworks */ = {isa = PBXBuildFile; fileRef = 3309FB4C1BF7F64300BE0310 /* HealthKit.framework */; };
		3309FB501BF7F72C00BE0310 /* HKHelper.swift in Sources */ = {isa = PBXBuildFile; fileRef = 3309FB4F1BF7F72C00BE0310 /* HKHelper.swift */; };
		330F6B401C14C01A004CCAED /* ParseHelper.swift in Sources */ = {isa = PBXBuildFile; fileRef = 330F6B3C1C14C01A004CCAED /* ParseHelper.swift */; };
		330F6B411C14C01A004CCAED /* PFObject+Rx.swift in Sources */ = {isa = PBXBuildFile; fileRef = 330F6B3D1C14C01A004CCAED /* PFObject+Rx.swift */; };
		330F6B421C14C01A004CCAED /* PFQuery+Rx.swift in Sources */ = {isa = PBXBuildFile; fileRef = 330F6B3E1C14C01A004CCAED /* PFQuery+Rx.swift */; };
		330F6B431C14C01A004CCAED /* PFUser+Rx.swift in Sources */ = {isa = PBXBuildFile; fileRef = 330F6B3F1C14C01A004CCAED /* PFUser+Rx.swift */; };
		330F6B461C14C040004CCAED /* SKLabelNode+Rx.swift in Sources */ = {isa = PBXBuildFile; fileRef = 330F6B451C14C040004CCAED /* SKLabelNode+Rx.swift */; };
		330F6B4B1C150BA2004CCAED /* CreatureOwnerProtocol.swift in Sources */ = {isa = PBXBuildFile; fileRef = 330F6B4A1C150BA2004CCAED /* CreatureOwnerProtocol.swift */; };
		330F6B4D1C151557004CCAED /* StatsViewModel.swift in Sources */ = {isa = PBXBuildFile; fileRef = 330F6B4C1C151557004CCAED /* StatsViewModel.swift */; };
		331E66D31BF6AEDB003AB81D /* MainViewController.swift in Sources */ = {isa = PBXBuildFile; fileRef = 331E66D21BF6AEDB003AB81D /* MainViewController.swift */; };
		3335326E1C164F6B003145AA /* StatsLayer.swift in Sources */ = {isa = PBXBuildFile; fileRef = 3335326D1C164F6B003145AA /* StatsLayer.swift */; };
		333532701C164FC9003145AA /* StatsLayerUI.swift in Sources */ = {isa = PBXBuildFile; fileRef = 3335326F1C164FC9003145AA /* StatsLayerUI.swift */; };
		333532731C165176003145AA /* MenuLayer.swift in Sources */ = {isa = PBXBuildFile; fileRef = 333532721C165176003145AA /* MenuLayer.swift */; };
		333532751C1651D4003145AA /* MenuLayerUI.swift in Sources */ = {isa = PBXBuildFile; fileRef = 333532741C1651D4003145AA /* MenuLayerUI.swift */; };
		333532771C169158003145AA /* DashboardSceneAnimations.swift in Sources */ = {isa = PBXBuildFile; fileRef = 333532761C169158003145AA /* DashboardSceneAnimations.swift */; };
		333D1AF81BFBF1AE001CCD5E /* AudioToolbox.framework in Frameworks */ = {isa = PBXBuildFile; fileRef = 333D1AF71BFBF1AE001CCD5E /* AudioToolbox.framework */; };
		333D1AFA1BFBF1B6001CCD5E /* CFNetwork.framework in Frameworks */ = {isa = PBXBuildFile; fileRef = 333D1AF91BFBF1B6001CCD5E /* CFNetwork.framework */; };
		333D1AFC1BFBF1BE001CCD5E /* CoreGraphics.framework in Frameworks */ = {isa = PBXBuildFile; fileRef = 333D1AFB1BFBF1BE001CCD5E /* CoreGraphics.framework */; };
		333D1AFE1BFBF1C7001CCD5E /* CoreLocation.framework in Frameworks */ = {isa = PBXBuildFile; fileRef = 333D1AFD1BFBF1C7001CCD5E /* CoreLocation.framework */; };
		333D1B001BFBF1D0001CCD5E /* QuartzCore.framework in Frameworks */ = {isa = PBXBuildFile; fileRef = 333D1AFF1BFBF1D0001CCD5E /* QuartzCore.framework */; };
		333D1B021BFBF1DC001CCD5E /* Security.framework in Frameworks */ = {isa = PBXBuildFile; fileRef = 333D1B011BFBF1DC001CCD5E /* Security.framework */; };
		333D1B041BFBF1E3001CCD5E /* StoreKit.framework in Frameworks */ = {isa = PBXBuildFile; fileRef = 333D1B031BFBF1E3001CCD5E /* StoreKit.framework */; };
		333D1B061BFBF1EC001CCD5E /* SystemConfiguration.framework in Frameworks */ = {isa = PBXBuildFile; fileRef = 333D1B051BFBF1EC001CCD5E /* SystemConfiguration.framework */; };
		333D1B081BFBF1F3001CCD5E /* libz.tbd in Frameworks */ = {isa = PBXBuildFile; fileRef = 333D1B071BFBF1F3001CCD5E /* libz.tbd */; };
		333D1B0A1BFBF1FD001CCD5E /* libsqlite3.tbd in Frameworks */ = {isa = PBXBuildFile; fileRef = 333D1B091BFBF1FD001CCD5E /* libsqlite3.tbd */; };
		33595FF31C188F7B003E1AB8 /* SpriteKit-Spring.swift in Sources */ = {isa = PBXBuildFile; fileRef = 33595FF21C188F7B003E1AB8 /* SpriteKit-Spring.swift */; };
		338368DB1BF67852006407FF /* AppDelegate.swift in Sources */ = {isa = PBXBuildFile; fileRef = 338368DA1BF67852006407FF /* AppDelegate.swift */; };
		338368E41BF67852006407FF /* Main.storyboard in Resources */ = {isa = PBXBuildFile; fileRef = 338368E21BF67852006407FF /* Main.storyboard */; };
		338368E61BF67852006407FF /* Assets.xcassets in Resources */ = {isa = PBXBuildFile; fileRef = 338368E51BF67852006407FF /* Assets.xcassets */; };
		338368E91BF67852006407FF /* LaunchScreen.storyboard in Resources */ = {isa = PBXBuildFile; fileRef = 338368E71BF67852006407FF /* LaunchScreen.storyboard */; };
		338368F41BF67852006407FF /* ProjectCreatureTests.swift in Sources */ = {isa = PBXBuildFile; fileRef = 338368F31BF67852006407FF /* ProjectCreatureTests.swift */; };
		338368FF1BF67852006407FF /* ProjectCreatureUITests.swift in Sources */ = {isa = PBXBuildFile; fileRef = 338368FE1BF67852006407FF /* ProjectCreatureUITests.swift */; };
		338369211BF69043006407FF /* Bolts.framework in Frameworks */ = {isa = PBXBuildFile; fileRef = 3383691A1BF69043006407FF /* Bolts.framework */; };
		338369221BF69043006407FF /* Parse.framework in Frameworks */ = {isa = PBXBuildFile; fileRef = 3383691B1BF69043006407FF /* Parse.framework */; };
		338369231BF69043006407FF /* ParseCrashReporting.framework in Frameworks */ = {isa = PBXBuildFile; fileRef = 3383691C1BF69043006407FF /* ParseCrashReporting.framework */; };
		338369241BF69043006407FF /* ParseFacebookUtils.framework in Frameworks */ = {isa = PBXBuildFile; fileRef = 3383691D1BF69043006407FF /* ParseFacebookUtils.framework */; };
		338369251BF69043006407FF /* ParseFacebookUtilsV4.framework in Frameworks */ = {isa = PBXBuildFile; fileRef = 3383691E1BF69043006407FF /* ParseFacebookUtilsV4.framework */; };
		338369261BF69043006407FF /* ParseTwitterUtils.framework in Frameworks */ = {isa = PBXBuildFile; fileRef = 3383691F1BF69043006407FF /* ParseTwitterUtils.framework */; };
		338369271BF69043006407FF /* ParseUI.framework in Frameworks */ = {isa = PBXBuildFile; fileRef = 338369201BF69043006407FF /* ParseUI.framework */; };
		339874281BFFFE7200F47B2B /* GameManager.swift in Sources */ = {isa = PBXBuildFile; fileRef = 339874271BFFFE7200F47B2B /* GameManager.swift */; };
		339DA2C31C0E541B0025F064 /* Creature.swift in Sources */ = {isa = PBXBuildFile; fileRef = 339DA2C21C0E541B0025F064 /* Creature.swift */; };
		339DA2CB1C0F6E430025F064 /* RxSwift.framework in Frameworks */ = {isa = PBXBuildFile; fileRef = 339DA2C81C0F6E430025F064 /* RxSwift.framework */; };
		339DA2CC1C0F6E8B0025F064 /* RxBlocking.framework in Frameworks */ = {isa = PBXBuildFile; fileRef = 339DA2C61C0F6E430025F064 /* RxBlocking.framework */; };
		339DA2CD1C0F6E8B0025F064 /* RxBlocking.framework in Embed Frameworks */ = {isa = PBXBuildFile; fileRef = 339DA2C61C0F6E430025F064 /* RxBlocking.framework */; settings = {ATTRIBUTES = (CodeSignOnCopy, RemoveHeadersOnCopy, ); }; };
		339DA2CE1C0F6E8B0025F064 /* RxCocoa.framework in Frameworks */ = {isa = PBXBuildFile; fileRef = 339DA2C71C0F6E430025F064 /* RxCocoa.framework */; };
		339DA2CF1C0F6E8B0025F064 /* RxCocoa.framework in Embed Frameworks */ = {isa = PBXBuildFile; fileRef = 339DA2C71C0F6E430025F064 /* RxCocoa.framework */; settings = {ATTRIBUTES = (CodeSignOnCopy, RemoveHeadersOnCopy, ); }; };
		339DA2D11C0F6E8B0025F064 /* RxSwift.framework in Embed Frameworks */ = {isa = PBXBuildFile; fileRef = 339DA2C81C0F6E430025F064 /* RxSwift.framework */; settings = {ATTRIBUTES = (CodeSignOnCopy, RemoveHeadersOnCopy, ); }; };
		33BBFD601C121E9900E76511 /* DashboardViewModel.swift in Sources */ = {isa = PBXBuildFile; fileRef = 33BBFD5E1C121E9900E76511 /* DashboardViewModel.swift */; };
		33BBFD741C121F8300E76511 /* NavigationButton.swift in Sources */ = {isa = PBXBuildFile; fileRef = 33BBFD631C121F8300E76511 /* NavigationButton.swift */; };
		33BBFD751C121F8300E76511 /* LayoutExtensions.swift in Sources */ = {isa = PBXBuildFile; fileRef = 33BBFD641C121F8300E76511 /* LayoutExtensions.swift */; };
		33BBFD761C121F8300E76511 /* SKSceneExtension.swift in Sources */ = {isa = PBXBuildFile; fileRef = 33BBFD651C121F8300E76511 /* SKSceneExtension.swift */; };
		33BBFD771C121F8300E76511 /* MenuButton.swift in Sources */ = {isa = PBXBuildFile; fileRef = 33BBFD691C121F8300E76511 /* MenuButton.swift */; };
		33BBFD781C121F8300E76511 /* StatsButton.swift in Sources */ = {isa = PBXBuildFile; fileRef = 33BBFD6A1C121F8300E76511 /* StatsButton.swift */; };
		33BBFD791C121F8300E76511 /* DashboardScene.sks in Resources */ = {isa = PBXBuildFile; fileRef = 33BBFD6B1C121F8300E76511 /* DashboardScene.sks */; };
		33BBFD7A1C121F8300E76511 /* DashboardScene.swift in Sources */ = {isa = PBXBuildFile; fileRef = 33BBFD6C1C121F8300E76511 /* DashboardScene.swift */; };
		33BBFD7B1C121F8300E76511 /* DashboardSceneUI.swift in Sources */ = {isa = PBXBuildFile; fileRef = 33BBFD6D1C121F8300E76511 /* DashboardSceneUI.swift */; };
		33BBFD7F1C121F8300E76511 /* BarHorizontal.swift in Sources */ = {isa = PBXBuildFile; fileRef = 33BBFD731C121F8300E76511 /* BarHorizontal.swift */; };
/* End PBXBuildFile section */

/* Begin PBXContainerItemProxy section */
		338368F01BF67852006407FF /* PBXContainerItemProxy */ = {
			isa = PBXContainerItemProxy;
			containerPortal = 338368CF1BF67852006407FF /* Project object */;
			proxyType = 1;
			remoteGlobalIDString = 338368D61BF67852006407FF;
			remoteInfo = ProjectCreature;
		};
		338368FB1BF67852006407FF /* PBXContainerItemProxy */ = {
			isa = PBXContainerItemProxy;
			containerPortal = 338368CF1BF67852006407FF /* Project object */;
			proxyType = 1;
			remoteGlobalIDString = 338368D61BF67852006407FF;
			remoteInfo = ProjectCreature;
		};
/* End PBXContainerItemProxy section */

/* Begin PBXCopyFilesBuildPhase section */
		339DA2D21C0F6E8B0025F064 /* Embed Frameworks */ = {
			isa = PBXCopyFilesBuildPhase;
			buildActionMask = 2147483647;
			dstPath = "";
			dstSubfolderSpec = 10;
			files = (
				339DA2CF1C0F6E8B0025F064 /* RxCocoa.framework in Embed Frameworks */,
				339DA2CD1C0F6E8B0025F064 /* RxBlocking.framework in Embed Frameworks */,
				339DA2D11C0F6E8B0025F064 /* RxSwift.framework in Embed Frameworks */,
			);
			name = "Embed Frameworks";
			runOnlyForDeploymentPostprocessing = 0;
		};
/* End PBXCopyFilesBuildPhase section */

/* Begin PBXFileReference section */
		3309FB4C1BF7F64300BE0310 /* HealthKit.framework */ = {isa = PBXFileReference; lastKnownFileType = wrapper.framework; name = HealthKit.framework; path = System/Library/Frameworks/HealthKit.framework; sourceTree = SDKROOT; };
		3309FB4E1BF7F64300BE0310 /* ProjectCreature.entitlements */ = {isa = PBXFileReference; lastKnownFileType = text.xml; path = ProjectCreature.entitlements; sourceTree = "<group>"; };
		3309FB4F1BF7F72C00BE0310 /* HKHelper.swift */ = {isa = PBXFileReference; fileEncoding = 4; lastKnownFileType = sourcecode.swift; path = HKHelper.swift; sourceTree = "<group>"; };
		330F6B3C1C14C01A004CCAED /* ParseHelper.swift */ = {isa = PBXFileReference; fileEncoding = 4; lastKnownFileType = sourcecode.swift; path = ParseHelper.swift; sourceTree = "<group>"; };
		330F6B3D1C14C01A004CCAED /* PFObject+Rx.swift */ = {isa = PBXFileReference; fileEncoding = 4; lastKnownFileType = sourcecode.swift; path = "PFObject+Rx.swift"; sourceTree = "<group>"; };
		330F6B3E1C14C01A004CCAED /* PFQuery+Rx.swift */ = {isa = PBXFileReference; fileEncoding = 4; lastKnownFileType = sourcecode.swift; path = "PFQuery+Rx.swift"; sourceTree = "<group>"; };
		330F6B3F1C14C01A004CCAED /* PFUser+Rx.swift */ = {isa = PBXFileReference; fileEncoding = 4; lastKnownFileType = sourcecode.swift; path = "PFUser+Rx.swift"; sourceTree = "<group>"; };
		330F6B451C14C040004CCAED /* SKLabelNode+Rx.swift */ = {isa = PBXFileReference; fileEncoding = 4; lastKnownFileType = sourcecode.swift; path = "SKLabelNode+Rx.swift"; sourceTree = "<group>"; };
		330F6B4A1C150BA2004CCAED /* CreatureOwnerProtocol.swift */ = {isa = PBXFileReference; fileEncoding = 4; lastKnownFileType = sourcecode.swift; path = CreatureOwnerProtocol.swift; sourceTree = "<group>"; };
		330F6B4C1C151557004CCAED /* StatsViewModel.swift */ = {isa = PBXFileReference; fileEncoding = 4; lastKnownFileType = sourcecode.swift; path = StatsViewModel.swift; sourceTree = "<group>"; };
		331E66D21BF6AEDB003AB81D /* MainViewController.swift */ = {isa = PBXFileReference; fileEncoding = 4; lastKnownFileType = sourcecode.swift; path = MainViewController.swift; sourceTree = "<group>"; };
		333532681C164234003145AA /* GPUImage.framework */ = {isa = PBXFileReference; lastKnownFileType = wrapper.framework; name = GPUImage.framework; path = Carthage/Build/iOS/GPUImage.framework; sourceTree = SOURCE_ROOT; };
		3335326D1C164F6B003145AA /* StatsLayer.swift */ = {isa = PBXFileReference; fileEncoding = 4; lastKnownFileType = sourcecode.swift; path = StatsLayer.swift; sourceTree = "<group>"; };
		3335326F1C164FC9003145AA /* StatsLayerUI.swift */ = {isa = PBXFileReference; fileEncoding = 4; lastKnownFileType = sourcecode.swift; path = StatsLayerUI.swift; sourceTree = "<group>"; };
		333532721C165176003145AA /* MenuLayer.swift */ = {isa = PBXFileReference; fileEncoding = 4; lastKnownFileType = sourcecode.swift; path = MenuLayer.swift; sourceTree = "<group>"; };
		333532741C1651D4003145AA /* MenuLayerUI.swift */ = {isa = PBXFileReference; fileEncoding = 4; lastKnownFileType = sourcecode.swift; path = MenuLayerUI.swift; sourceTree = "<group>"; };
		333532761C169158003145AA /* DashboardSceneAnimations.swift */ = {isa = PBXFileReference; fileEncoding = 4; lastKnownFileType = sourcecode.swift; path = DashboardSceneAnimations.swift; sourceTree = "<group>"; };
		333D1AF71BFBF1AE001CCD5E /* AudioToolbox.framework */ = {isa = PBXFileReference; lastKnownFileType = wrapper.framework; name = AudioToolbox.framework; path = System/Library/Frameworks/AudioToolbox.framework; sourceTree = SDKROOT; };
		333D1AF91BFBF1B6001CCD5E /* CFNetwork.framework */ = {isa = PBXFileReference; lastKnownFileType = wrapper.framework; name = CFNetwork.framework; path = System/Library/Frameworks/CFNetwork.framework; sourceTree = SDKROOT; };
		333D1AFB1BFBF1BE001CCD5E /* CoreGraphics.framework */ = {isa = PBXFileReference; lastKnownFileType = wrapper.framework; name = CoreGraphics.framework; path = System/Library/Frameworks/CoreGraphics.framework; sourceTree = SDKROOT; };
		333D1AFD1BFBF1C7001CCD5E /* CoreLocation.framework */ = {isa = PBXFileReference; lastKnownFileType = wrapper.framework; name = CoreLocation.framework; path = System/Library/Frameworks/CoreLocation.framework; sourceTree = SDKROOT; };
		333D1AFF1BFBF1D0001CCD5E /* QuartzCore.framework */ = {isa = PBXFileReference; lastKnownFileType = wrapper.framework; name = QuartzCore.framework; path = System/Library/Frameworks/QuartzCore.framework; sourceTree = SDKROOT; };
		333D1B011BFBF1DC001CCD5E /* Security.framework */ = {isa = PBXFileReference; lastKnownFileType = wrapper.framework; name = Security.framework; path = System/Library/Frameworks/Security.framework; sourceTree = SDKROOT; };
		333D1B031BFBF1E3001CCD5E /* StoreKit.framework */ = {isa = PBXFileReference; lastKnownFileType = wrapper.framework; name = StoreKit.framework; path = System/Library/Frameworks/StoreKit.framework; sourceTree = SDKROOT; };
		333D1B051BFBF1EC001CCD5E /* SystemConfiguration.framework */ = {isa = PBXFileReference; lastKnownFileType = wrapper.framework; name = SystemConfiguration.framework; path = System/Library/Frameworks/SystemConfiguration.framework; sourceTree = SDKROOT; };
		333D1B071BFBF1F3001CCD5E /* libz.tbd */ = {isa = PBXFileReference; lastKnownFileType = "sourcecode.text-based-dylib-definition"; name = libz.tbd; path = usr/lib/libz.tbd; sourceTree = SDKROOT; };
		333D1B091BFBF1FD001CCD5E /* libsqlite3.tbd */ = {isa = PBXFileReference; lastKnownFileType = "sourcecode.text-based-dylib-definition"; name = libsqlite3.tbd; path = usr/lib/libsqlite3.tbd; sourceTree = SDKROOT; };
		33595FF21C188F7B003E1AB8 /* SpriteKit-Spring.swift */ = {isa = PBXFileReference; fileEncoding = 4; lastKnownFileType = sourcecode.swift; path = "SpriteKit-Spring.swift"; sourceTree = "<group>"; };
		338368D71BF67852006407FF /* ProjectCreature.app */ = {isa = PBXFileReference; explicitFileType = wrapper.application; includeInIndex = 0; path = ProjectCreature.app; sourceTree = BUILT_PRODUCTS_DIR; };
		338368DA1BF67852006407FF /* AppDelegate.swift */ = {isa = PBXFileReference; lastKnownFileType = sourcecode.swift; path = AppDelegate.swift; sourceTree = "<group>"; };
		338368E31BF67852006407FF /* Base */ = {isa = PBXFileReference; lastKnownFileType = file.storyboard; name = Base; path = Base.lproj/Main.storyboard; sourceTree = "<group>"; };
		338368E51BF67852006407FF /* Assets.xcassets */ = {isa = PBXFileReference; lastKnownFileType = folder.assetcatalog; path = Assets.xcassets; sourceTree = "<group>"; };
		338368E81BF67852006407FF /* Base */ = {isa = PBXFileReference; lastKnownFileType = file.storyboard; name = Base; path = Base.lproj/LaunchScreen.storyboard; sourceTree = "<group>"; };
		338368EA1BF67852006407FF /* Info.plist */ = {isa = PBXFileReference; lastKnownFileType = text.plist.xml; path = Info.plist; sourceTree = "<group>"; };
		338368EF1BF67852006407FF /* ProjectCreatureTests.xctest */ = {isa = PBXFileReference; explicitFileType = wrapper.cfbundle; includeInIndex = 0; path = ProjectCreatureTests.xctest; sourceTree = BUILT_PRODUCTS_DIR; };
		338368F31BF67852006407FF /* ProjectCreatureTests.swift */ = {isa = PBXFileReference; lastKnownFileType = sourcecode.swift; path = ProjectCreatureTests.swift; sourceTree = "<group>"; };
		338368F51BF67852006407FF /* Info.plist */ = {isa = PBXFileReference; lastKnownFileType = text.plist.xml; path = Info.plist; sourceTree = "<group>"; };
		338368FA1BF67852006407FF /* ProjectCreatureUITests.xctest */ = {isa = PBXFileReference; explicitFileType = wrapper.cfbundle; includeInIndex = 0; path = ProjectCreatureUITests.xctest; sourceTree = BUILT_PRODUCTS_DIR; };
		338368FE1BF67852006407FF /* ProjectCreatureUITests.swift */ = {isa = PBXFileReference; lastKnownFileType = sourcecode.swift; path = ProjectCreatureUITests.swift; sourceTree = "<group>"; };
		338369001BF67852006407FF /* Info.plist */ = {isa = PBXFileReference; lastKnownFileType = text.plist.xml; path = Info.plist; sourceTree = "<group>"; };
		338369181BF68F46006407FF /* ProjectCreature-Bridging-Header.h */ = {isa = PBXFileReference; fileEncoding = 4; lastKnownFileType = sourcecode.c.h; path = "ProjectCreature-Bridging-Header.h"; sourceTree = "<group>"; };
		3383691A1BF69043006407FF /* Bolts.framework */ = {isa = PBXFileReference; lastKnownFileType = wrapper.framework; path = Bolts.framework; sourceTree = "<group>"; };
		3383691B1BF69043006407FF /* Parse.framework */ = {isa = PBXFileReference; lastKnownFileType = wrapper.framework; path = Parse.framework; sourceTree = "<group>"; };
		3383691C1BF69043006407FF /* ParseCrashReporting.framework */ = {isa = PBXFileReference; lastKnownFileType = wrapper.framework; path = ParseCrashReporting.framework; sourceTree = "<group>"; };
		3383691D1BF69043006407FF /* ParseFacebookUtils.framework */ = {isa = PBXFileReference; lastKnownFileType = wrapper.framework; path = ParseFacebookUtils.framework; sourceTree = "<group>"; };
		3383691E1BF69043006407FF /* ParseFacebookUtilsV4.framework */ = {isa = PBXFileReference; lastKnownFileType = wrapper.framework; path = ParseFacebookUtilsV4.framework; sourceTree = "<group>"; };
		3383691F1BF69043006407FF /* ParseTwitterUtils.framework */ = {isa = PBXFileReference; lastKnownFileType = wrapper.framework; path = ParseTwitterUtils.framework; sourceTree = "<group>"; };
		338369201BF69043006407FF /* ParseUI.framework */ = {isa = PBXFileReference; lastKnownFileType = wrapper.framework; path = ParseUI.framework; sourceTree = "<group>"; };
		339874271BFFFE7200F47B2B /* GameManager.swift */ = {isa = PBXFileReference; fileEncoding = 4; lastKnownFileType = sourcecode.swift; path = GameManager.swift; sourceTree = "<group>"; };
		339DA2C21C0E541B0025F064 /* Creature.swift */ = {isa = PBXFileReference; fileEncoding = 4; lastKnownFileType = sourcecode.swift; path = Creature.swift; sourceTree = "<group>"; };
		339DA2C61C0F6E430025F064 /* RxBlocking.framework */ = {isa = PBXFileReference; lastKnownFileType = wrapper.framework; name = RxBlocking.framework; path = Carthage/Build/iOS/RxBlocking.framework; sourceTree = SOURCE_ROOT; };
		339DA2C71C0F6E430025F064 /* RxCocoa.framework */ = {isa = PBXFileReference; lastKnownFileType = wrapper.framework; name = RxCocoa.framework; path = Carthage/Build/iOS/RxCocoa.framework; sourceTree = SOURCE_ROOT; };
		339DA2C81C0F6E430025F064 /* RxSwift.framework */ = {isa = PBXFileReference; lastKnownFileType = wrapper.framework; name = RxSwift.framework; path = Carthage/Build/iOS/RxSwift.framework; sourceTree = SOURCE_ROOT; };
		33BBFD5E1C121E9900E76511 /* DashboardViewModel.swift */ = {isa = PBXFileReference; fileEncoding = 4; lastKnownFileType = sourcecode.swift; path = DashboardViewModel.swift; sourceTree = "<group>"; };
		33BBFD631C121F8300E76511 /* NavigationButton.swift */ = {isa = PBXFileReference; fileEncoding = 4; lastKnownFileType = sourcecode.swift; path = NavigationButton.swift; sourceTree = "<group>"; };
		33BBFD641C121F8300E76511 /* LayoutExtensions.swift */ = {isa = PBXFileReference; fileEncoding = 4; lastKnownFileType = sourcecode.swift; path = LayoutExtensions.swift; sourceTree = "<group>"; };
		33BBFD651C121F8300E76511 /* SKSceneExtension.swift */ = {isa = PBXFileReference; fileEncoding = 4; lastKnownFileType = sourcecode.swift; path = SKSceneExtension.swift; sourceTree = "<group>"; };
		33BBFD691C121F8300E76511 /* MenuButton.swift */ = {isa = PBXFileReference; fileEncoding = 4; lastKnownFileType = sourcecode.swift; path = MenuButton.swift; sourceTree = "<group>"; };
		33BBFD6A1C121F8300E76511 /* StatsButton.swift */ = {isa = PBXFileReference; fileEncoding = 4; lastKnownFileType = sourcecode.swift; path = StatsButton.swift; sourceTree = "<group>"; };
		33BBFD6B1C121F8300E76511 /* DashboardScene.sks */ = {isa = PBXFileReference; lastKnownFileType = file.sks; path = DashboardScene.sks; sourceTree = "<group>"; };
		33BBFD6C1C121F8300E76511 /* DashboardScene.swift */ = {isa = PBXFileReference; fileEncoding = 4; lastKnownFileType = sourcecode.swift; path = DashboardScene.swift; sourceTree = "<group>"; };
		33BBFD6D1C121F8300E76511 /* DashboardSceneUI.swift */ = {isa = PBXFileReference; fileEncoding = 4; lastKnownFileType = sourcecode.swift; path = DashboardSceneUI.swift; sourceTree = "<group>"; };
		33BBFD731C121F8300E76511 /* BarHorizontal.swift */ = {isa = PBXFileReference; fileEncoding = 4; lastKnownFileType = sourcecode.swift; path = BarHorizontal.swift; sourceTree = "<group>"; };
/* End PBXFileReference section */

/* Begin PBXFrameworksBuildPhase section */
		338368D41BF67852006407FF /* Frameworks */ = {
			isa = PBXFrameworksBuildPhase;
			buildActionMask = 2147483647;
			files = (
				333D1B0A1BFBF1FD001CCD5E /* libsqlite3.tbd in Frameworks */,
				333D1B081BFBF1F3001CCD5E /* libz.tbd in Frameworks */,
				339DA2CB1C0F6E430025F064 /* RxSwift.framework in Frameworks */,
				333D1B061BFBF1EC001CCD5E /* SystemConfiguration.framework in Frameworks */,
				339DA2CE1C0F6E8B0025F064 /* RxCocoa.framework in Frameworks */,
				333D1B041BFBF1E3001CCD5E /* StoreKit.framework in Frameworks */,
				333D1B021BFBF1DC001CCD5E /* Security.framework in Frameworks */,
				333D1B001BFBF1D0001CCD5E /* QuartzCore.framework in Frameworks */,
				339DA2CC1C0F6E8B0025F064 /* RxBlocking.framework in Frameworks */,
				333D1AFE1BFBF1C7001CCD5E /* CoreLocation.framework in Frameworks */,
				333D1AFC1BFBF1BE001CCD5E /* CoreGraphics.framework in Frameworks */,
				333D1AFA1BFBF1B6001CCD5E /* CFNetwork.framework in Frameworks */,
				333D1AF81BFBF1AE001CCD5E /* AudioToolbox.framework in Frameworks */,
				338369221BF69043006407FF /* Parse.framework in Frameworks */,
				338369231BF69043006407FF /* ParseCrashReporting.framework in Frameworks */,
				338369271BF69043006407FF /* ParseUI.framework in Frameworks */,
				338369241BF69043006407FF /* ParseFacebookUtils.framework in Frameworks */,
				338369211BF69043006407FF /* Bolts.framework in Frameworks */,
				3309FB4D1BF7F64300BE0310 /* HealthKit.framework in Frameworks */,
				338369261BF69043006407FF /* ParseTwitterUtils.framework in Frameworks */,
				338369251BF69043006407FF /* ParseFacebookUtilsV4.framework in Frameworks */,
			);
			runOnlyForDeploymentPostprocessing = 0;
		};
		338368EC1BF67852006407FF /* Frameworks */ = {
			isa = PBXFrameworksBuildPhase;
			buildActionMask = 2147483647;
			files = (
			);
			runOnlyForDeploymentPostprocessing = 0;
		};
		338368F71BF67852006407FF /* Frameworks */ = {
			isa = PBXFrameworksBuildPhase;
			buildActionMask = 2147483647;
			files = (
			);
			runOnlyForDeploymentPostprocessing = 0;
		};
/* End PBXFrameworksBuildPhase section */

/* Begin PBXGroup section */
		330F6B3B1C14C01A004CCAED /* Parse+Rx */ = {
			isa = PBXGroup;
			children = (
				330F6B3C1C14C01A004CCAED /* ParseHelper.swift */,
				330F6B3D1C14C01A004CCAED /* PFObject+Rx.swift */,
				330F6B3E1C14C01A004CCAED /* PFQuery+Rx.swift */,
				330F6B3F1C14C01A004CCAED /* PFUser+Rx.swift */,
			);
			path = "Parse+Rx";
			sourceTree = "<group>";
		};
		330F6B441C14C040004CCAED /* SpriteKit+Rx */ = {
			isa = PBXGroup;
			children = (
				330F6B451C14C040004CCAED /* SKLabelNode+Rx.swift */,
			);
			path = "SpriteKit+Rx";
			sourceTree = "<group>";
		};
		331E66C71BF6A6B4003AB81D /* HealthKit */ = {
			isa = PBXGroup;
			children = (
				3309FB4F1BF7F72C00BE0310 /* HKHelper.swift */,
			);
			path = HealthKit;
			sourceTree = "<group>";
		};
		333532651C160273003145AA /* NodeLayers */ = {
			isa = PBXGroup;
			children = (
				333532711C165165003145AA /* MenuLayer */,
				3335326C1C164F6B003145AA /* StatsLayer */,
			);
			path = NodeLayers;
			sourceTree = "<group>";
		};
		3335326C1C164F6B003145AA /* StatsLayer */ = {
			isa = PBXGroup;
			children = (
				3335326D1C164F6B003145AA /* StatsLayer.swift */,
				3335326F1C164FC9003145AA /* StatsLayerUI.swift */,
			);
			path = StatsLayer;
			sourceTree = "<group>";
		};
		333532711C165165003145AA /* MenuLayer */ = {
			isa = PBXGroup;
			children = (
				333532721C165176003145AA /* MenuLayer.swift */,
				333532741C1651D4003145AA /* MenuLayerUI.swift */,
			);
			path = MenuLayer;
			sourceTree = "<group>";
		};
		338368CE1BF67852006407FF = {
			isa = PBXGroup;
			children = (
				338368D91BF67852006407FF /* ProjectCreature */,
				338368F21BF67852006407FF /* ProjectCreatureTests */,
				338368FD1BF67852006407FF /* ProjectCreatureUITests */,
				338368D81BF67852006407FF /* Products */,
			);
			sourceTree = "<group>";
		};
		338368D81BF67852006407FF /* Products */ = {
			isa = PBXGroup;
			children = (
				338368D71BF67852006407FF /* ProjectCreature.app */,
				338368EF1BF67852006407FF /* ProjectCreatureTests.xctest */,
				338368FA1BF67852006407FF /* ProjectCreatureUITests.xctest */,
			);
			name = Products;
			sourceTree = "<group>";
		};
		338368D91BF67852006407FF /* ProjectCreature */ = {
			isa = PBXGroup;
			children = (
				3309FB4E1BF7F64300BE0310 /* ProjectCreature.entitlements */,
				3383692C1BF69FE6006407FF /* UI */,
				33BBFD611C121EB600E76511 /* DataModels */,
				339874261BFFFE5E00F47B2B /* Game */,
				331E66C71BF6A6B4003AB81D /* HealthKit */,
				338369291BF69FE6006407FF /* Parse */,
				338369191BF69042006407FF /* Frameworks */,
				338369171BF68F46006407FF /* Bridging */,
				338368DA1BF67852006407FF /* AppDelegate.swift */,
				338368E21BF67852006407FF /* Main.storyboard */,
				338368E51BF67852006407FF /* Assets.xcassets */,
				338368E71BF67852006407FF /* LaunchScreen.storyboard */,
				338368EA1BF67852006407FF /* Info.plist */,
			);
			path = ProjectCreature;
			sourceTree = "<group>";
		};
		338368F21BF67852006407FF /* ProjectCreatureTests */ = {
			isa = PBXGroup;
			children = (
				338368F31BF67852006407FF /* ProjectCreatureTests.swift */,
				338368F51BF67852006407FF /* Info.plist */,
			);
			path = ProjectCreatureTests;
			sourceTree = "<group>";
		};
		338368FD1BF67852006407FF /* ProjectCreatureUITests */ = {
			isa = PBXGroup;
			children = (
				338368FE1BF67852006407FF /* ProjectCreatureUITests.swift */,
				338369001BF67852006407FF /* Info.plist */,
			);
			path = ProjectCreatureUITests;
			sourceTree = "<group>";
		};
		338369171BF68F46006407FF /* Bridging */ = {
			isa = PBXGroup;
			children = (
				338369181BF68F46006407FF /* ProjectCreature-Bridging-Header.h */,
			);
			path = Bridging;
			sourceTree = "<group>";
		};
		338369191BF69042006407FF /* Frameworks */ = {
			isa = PBXGroup;
			children = (
				333532681C164234003145AA /* GPUImage.framework */,
				339DA2C61C0F6E430025F064 /* RxBlocking.framework */,
				339DA2C71C0F6E430025F064 /* RxCocoa.framework */,
				339DA2C81C0F6E430025F064 /* RxSwift.framework */,
				333D1B091BFBF1FD001CCD5E /* libsqlite3.tbd */,
				333D1B071BFBF1F3001CCD5E /* libz.tbd */,
				333D1B051BFBF1EC001CCD5E /* SystemConfiguration.framework */,
				333D1B031BFBF1E3001CCD5E /* StoreKit.framework */,
				333D1B011BFBF1DC001CCD5E /* Security.framework */,
				333D1AFF1BFBF1D0001CCD5E /* QuartzCore.framework */,
				333D1AFD1BFBF1C7001CCD5E /* CoreLocation.framework */,
				333D1AFB1BFBF1BE001CCD5E /* CoreGraphics.framework */,
				333D1AF91BFBF1B6001CCD5E /* CFNetwork.framework */,
				333D1AF71BFBF1AE001CCD5E /* AudioToolbox.framework */,
				3309FB4C1BF7F64300BE0310 /* HealthKit.framework */,
				3383691A1BF69043006407FF /* Bolts.framework */,
				3383691B1BF69043006407FF /* Parse.framework */,
				3383691C1BF69043006407FF /* ParseCrashReporting.framework */,
				3383691D1BF69043006407FF /* ParseFacebookUtils.framework */,
				3383691E1BF69043006407FF /* ParseFacebookUtilsV4.framework */,
				3383691F1BF69043006407FF /* ParseTwitterUtils.framework */,
				338369201BF69043006407FF /* ParseUI.framework */,
			);
			path = Frameworks;
			sourceTree = "<group>";
		};
		338369291BF69FE6006407FF /* Parse */ = {
			isa = PBXGroup;
			children = (
				339DA2C11C0E541B0025F064 /* Models */,
				330F6B3B1C14C01A004CCAED /* Parse+Rx */,
			);
			path = Parse;
			sourceTree = "<group>";
		};
		3383692C1BF69FE6006407FF /* UI */ = {
			isa = PBXGroup;
			children = (
				333532651C160273003145AA /* NodeLayers */,
				33BBFD661C121F8300E76511 /* Scenes */,
				33BBFD5D1C121E9900E76511 /* ViewModels */,
				3383692D1BF69FE6006407FF /* View Controllers */,
				33BBFD5F1C121E9900E76511 /* Views */,
				33BBFD721C121F8300E76511 /* Subclasses */,
				33BBFD621C121F8300E76511 /* Extras */,
			);
			path = UI;
			sourceTree = "<group>";
		};
		3383692D1BF69FE6006407FF /* View Controllers */ = {
			isa = PBXGroup;
			children = (
				331E66D21BF6AEDB003AB81D /* MainViewController.swift */,
			);
			path = "View Controllers";
			sourceTree = "<group>";
		};
		339874261BFFFE5E00F47B2B /* Game */ = {
			isa = PBXGroup;
			children = (
				339874271BFFFE7200F47B2B /* GameManager.swift */,
			);
			path = Game;
			sourceTree = "<group>";
		};
		339DA2C11C0E541B0025F064 /* Models */ = {
			isa = PBXGroup;
			children = (
				339DA2C21C0E541B0025F064 /* Creature.swift */,
			);
			path = Models;
			sourceTree = "<group>";
		};
		33BBFD5D1C121E9900E76511 /* ViewModels */ = {
			isa = PBXGroup;
			children = (
				33BBFD5E1C121E9900E76511 /* DashboardViewModel.swift */,
				330F6B4C1C151557004CCAED /* StatsViewModel.swift */,
			);
			path = ViewModels;
			sourceTree = "<group>";
		};
		33BBFD5F1C121E9900E76511 /* Views */ = {
			isa = PBXGroup;
			children = (
			);
			path = Views;
			sourceTree = "<group>";
		};
		33BBFD611C121EB600E76511 /* DataModels */ = {
			isa = PBXGroup;
			children = (
			);
			path = DataModels;
			sourceTree = "<group>";
		};
		33BBFD621C121F8300E76511 /* Extras */ = {
			isa = PBXGroup;
			children = (
				330F6B441C14C040004CCAED /* SpriteKit+Rx */,
				33BBFD631C121F8300E76511 /* NavigationButton.swift */,
				33BBFD641C121F8300E76511 /* LayoutExtensions.swift */,
				33BBFD651C121F8300E76511 /* SKSceneExtension.swift */,
				33595FF21C188F7B003E1AB8 /* SpriteKit-Spring.swift */,
			);
			path = Extras;
			sourceTree = "<group>";
		};
		33BBFD661C121F8300E76511 /* Scenes */ = {
			isa = PBXGroup;
			children = (
				33BBFD671C121F8300E76511 /* DashboardScene */,
				330F6B4A1C150BA2004CCAED /* CreatureOwnerProtocol.swift */,
			);
			path = Scenes;
			sourceTree = "<group>";
		};
		33BBFD671C121F8300E76511 /* DashboardScene */ = {
			isa = PBXGroup;
			children = (
				33BBFD681C121F8300E76511 /* Buttons */,
				33BBFD6B1C121F8300E76511 /* DashboardScene.sks */,
				33BBFD6C1C121F8300E76511 /* DashboardScene.swift */,
				33BBFD6D1C121F8300E76511 /* DashboardSceneUI.swift */,
				333532761C169158003145AA /* DashboardSceneAnimations.swift */,
			);
			path = DashboardScene;
			sourceTree = "<group>";
		};
		33BBFD681C121F8300E76511 /* Buttons */ = {
			isa = PBXGroup;
			children = (
				33BBFD691C121F8300E76511 /* MenuButton.swift */,
				33BBFD6A1C121F8300E76511 /* StatsButton.swift */,
			);
			path = Buttons;
			sourceTree = "<group>";
		};
		33BBFD721C121F8300E76511 /* Subclasses */ = {
			isa = PBXGroup;
			children = (
				33BBFD731C121F8300E76511 /* BarHorizontal.swift */,
			);
			path = Subclasses;
			sourceTree = "<group>";
		};
/* End PBXGroup section */

/* Begin PBXNativeTarget section */
		338368D61BF67852006407FF /* ProjectCreature */ = {
			isa = PBXNativeTarget;
			buildConfigurationList = 338369031BF67852006407FF /* Build configuration list for PBXNativeTarget "ProjectCreature" */;
			buildPhases = (
				338368D31BF67852006407FF /* Sources */,
				338368D41BF67852006407FF /* Frameworks */,
				338368D51BF67852006407FF /* Resources */,
				339DA2D21C0F6E8B0025F064 /* Embed Frameworks */,
			);
			buildRules = (
			);
			dependencies = (
			);
			name = ProjectCreature;
			productName = ProjectCreature;
			productReference = 338368D71BF67852006407FF /* ProjectCreature.app */;
			productType = "com.apple.product-type.application";
		};
		338368EE1BF67852006407FF /* ProjectCreatureTests */ = {
			isa = PBXNativeTarget;
			buildConfigurationList = 338369061BF67852006407FF /* Build configuration list for PBXNativeTarget "ProjectCreatureTests" */;
			buildPhases = (
				338368EB1BF67852006407FF /* Sources */,
				338368EC1BF67852006407FF /* Frameworks */,
				338368ED1BF67852006407FF /* Resources */,
			);
			buildRules = (
			);
			dependencies = (
				338368F11BF67852006407FF /* PBXTargetDependency */,
			);
			name = ProjectCreatureTests;
			productName = ProjectCreatureTests;
			productReference = 338368EF1BF67852006407FF /* ProjectCreatureTests.xctest */;
			productType = "com.apple.product-type.bundle.unit-test";
		};
		338368F91BF67852006407FF /* ProjectCreatureUITests */ = {
			isa = PBXNativeTarget;
			buildConfigurationList = 338369091BF67852006407FF /* Build configuration list for PBXNativeTarget "ProjectCreatureUITests" */;
			buildPhases = (
				338368F61BF67852006407FF /* Sources */,
				338368F71BF67852006407FF /* Frameworks */,
				338368F81BF67852006407FF /* Resources */,
			);
			buildRules = (
			);
			dependencies = (
				338368FC1BF67852006407FF /* PBXTargetDependency */,
			);
			name = ProjectCreatureUITests;
			productName = ProjectCreatureUITests;
			productReference = 338368FA1BF67852006407FF /* ProjectCreatureUITests.xctest */;
			productType = "com.apple.product-type.bundle.ui-testing";
		};
/* End PBXNativeTarget section */

/* Begin PBXProject section */
		338368CF1BF67852006407FF /* Project object */ = {
			isa = PBXProject;
			attributes = {
				LastSwiftUpdateCheck = 0710;
				LastUpgradeCheck = 0720;
				ORGANIZATIONNAME = BeingAdrian;
				TargetAttributes = {
					338368D61BF67852006407FF = {
						CreatedOnToolsVersion = 7.1.1;
						DevelopmentTeam = E94PZ6NN69;
						SystemCapabilities = {
							com.apple.HealthKit = {
								enabled = 1;
							};
						};
					};
					338368EE1BF67852006407FF = {
						CreatedOnToolsVersion = 7.1.1;
						TestTargetID = 338368D61BF67852006407FF;
					};
					338368F91BF67852006407FF = {
						CreatedOnToolsVersion = 7.1.1;
						TestTargetID = 338368D61BF67852006407FF;
					};
				};
			};
			buildConfigurationList = 338368D21BF67852006407FF /* Build configuration list for PBXProject "ProjectCreature" */;
			compatibilityVersion = "Xcode 3.2";
			developmentRegion = English;
			hasScannedForEncodings = 0;
			knownRegions = (
				en,
				Base,
			);
			mainGroup = 338368CE1BF67852006407FF;
			productRefGroup = 338368D81BF67852006407FF /* Products */;
			projectDirPath = "";
			projectRoot = "";
			targets = (
				338368D61BF67852006407FF /* ProjectCreature */,
				338368EE1BF67852006407FF /* ProjectCreatureTests */,
				338368F91BF67852006407FF /* ProjectCreatureUITests */,
			);
		};
/* End PBXProject section */

/* Begin PBXResourcesBuildPhase section */
		338368D51BF67852006407FF /* Resources */ = {
			isa = PBXResourcesBuildPhase;
			buildActionMask = 2147483647;
			files = (
				338368E91BF67852006407FF /* LaunchScreen.storyboard in Resources */,
				338368E61BF67852006407FF /* Assets.xcassets in Resources */,
				338368E41BF67852006407FF /* Main.storyboard in Resources */,
				33BBFD791C121F8300E76511 /* DashboardScene.sks in Resources */,
			);
			runOnlyForDeploymentPostprocessing = 0;
		};
		338368ED1BF67852006407FF /* Resources */ = {
			isa = PBXResourcesBuildPhase;
			buildActionMask = 2147483647;
			files = (
			);
			runOnlyForDeploymentPostprocessing = 0;
		};
		338368F81BF67852006407FF /* Resources */ = {
			isa = PBXResourcesBuildPhase;
			buildActionMask = 2147483647;
			files = (
			);
			runOnlyForDeploymentPostprocessing = 0;
		};
/* End PBXResourcesBuildPhase section */

/* Begin PBXSourcesBuildPhase section */
		338368D31BF67852006407FF /* Sources */ = {
			isa = PBXSourcesBuildPhase;
			buildActionMask = 2147483647;
			files = (
				33BBFD7B1C121F8300E76511 /* DashboardSceneUI.swift in Sources */,
				33BBFD7F1C121F8300E76511 /* BarHorizontal.swift in Sources */,
				338368DB1BF67852006407FF /* AppDelegate.swift in Sources */,
				33BBFD7A1C121F8300E76511 /* DashboardScene.swift in Sources */,
				333532771C169158003145AA /* DashboardSceneAnimations.swift in Sources */,
				333532701C164FC9003145AA /* StatsLayerUI.swift in Sources */,
				330F6B421C14C01A004CCAED /* PFQuery+Rx.swift in Sources */,
				33595FF31C188F7B003E1AB8 /* SpriteKit-Spring.swift in Sources */,
				333532751C1651D4003145AA /* MenuLayerUI.swift in Sources */,
				330F6B401C14C01A004CCAED /* ParseHelper.swift in Sources */,
				33BBFD601C121E9900E76511 /* DashboardViewModel.swift in Sources */,
				330F6B431C14C01A004CCAED /* PFUser+Rx.swift in Sources */,
				330F6B4D1C151557004CCAED /* StatsViewModel.swift in Sources */,
				330F6B461C14C040004CCAED /* SKLabelNode+Rx.swift in Sources */,
				33BBFD781C121F8300E76511 /* StatsButton.swift in Sources */,
				333532731C165176003145AA /* MenuLayer.swift in Sources */,
				339874281BFFFE7200F47B2B /* GameManager.swift in Sources */,
				339DA2C31C0E541B0025F064 /* Creature.swift in Sources */,
				330F6B411C14C01A004CCAED /* PFObject+Rx.swift in Sources */,
				3309FB501BF7F72C00BE0310 /* HKHelper.swift in Sources */,
				33BBFD751C121F8300E76511 /* LayoutExtensions.swift in Sources */,
				33BBFD771C121F8300E76511 /* MenuButton.swift in Sources */,
				330F6B4B1C150BA2004CCAED /* CreatureOwnerProtocol.swift in Sources */,
				33BBFD761C121F8300E76511 /* SKSceneExtension.swift in Sources */,
				3335326E1C164F6B003145AA /* StatsLayer.swift in Sources */,
				331E66D31BF6AEDB003AB81D /* MainViewController.swift in Sources */,
				33BBFD741C121F8300E76511 /* NavigationButton.swift in Sources */,
			);
			runOnlyForDeploymentPostprocessing = 0;
		};
		338368EB1BF67852006407FF /* Sources */ = {
			isa = PBXSourcesBuildPhase;
			buildActionMask = 2147483647;
			files = (
				338368F41BF67852006407FF /* ProjectCreatureTests.swift in Sources */,
			);
			runOnlyForDeploymentPostprocessing = 0;
		};
		338368F61BF67852006407FF /* Sources */ = {
			isa = PBXSourcesBuildPhase;
			buildActionMask = 2147483647;
			files = (
				338368FF1BF67852006407FF /* ProjectCreatureUITests.swift in Sources */,
			);
			runOnlyForDeploymentPostprocessing = 0;
		};
/* End PBXSourcesBuildPhase section */

/* Begin PBXTargetDependency section */
		338368F11BF67852006407FF /* PBXTargetDependency */ = {
			isa = PBXTargetDependency;
			target = 338368D61BF67852006407FF /* ProjectCreature */;
			targetProxy = 338368F01BF67852006407FF /* PBXContainerItemProxy */;
		};
		338368FC1BF67852006407FF /* PBXTargetDependency */ = {
			isa = PBXTargetDependency;
			target = 338368D61BF67852006407FF /* ProjectCreature */;
			targetProxy = 338368FB1BF67852006407FF /* PBXContainerItemProxy */;
		};
/* End PBXTargetDependency section */

/* Begin PBXVariantGroup section */
		338368E21BF67852006407FF /* Main.storyboard */ = {
			isa = PBXVariantGroup;
			children = (
				338368E31BF67852006407FF /* Base */,
			);
			name = Main.storyboard;
			sourceTree = "<group>";
		};
		338368E71BF67852006407FF /* LaunchScreen.storyboard */ = {
			isa = PBXVariantGroup;
			children = (
				338368E81BF67852006407FF /* Base */,
			);
			name = LaunchScreen.storyboard;
			sourceTree = "<group>";
		};
/* End PBXVariantGroup section */

/* Begin XCBuildConfiguration section */
		338369011BF67852006407FF /* Debug */ = {
			isa = XCBuildConfiguration;
			buildSettings = {
				ALWAYS_SEARCH_USER_PATHS = NO;
				CLANG_CXX_LANGUAGE_STANDARD = "gnu++0x";
				CLANG_CXX_LIBRARY = "libc++";
				CLANG_ENABLE_MODULES = YES;
				CLANG_ENABLE_OBJC_ARC = YES;
				CLANG_WARN_BOOL_CONVERSION = YES;
				CLANG_WARN_CONSTANT_CONVERSION = YES;
				CLANG_WARN_DIRECT_OBJC_ISA_USAGE = YES_ERROR;
				CLANG_WARN_EMPTY_BODY = YES;
				CLANG_WARN_ENUM_CONVERSION = YES;
				CLANG_WARN_INT_CONVERSION = YES;
				CLANG_WARN_OBJC_ROOT_CLASS = YES_ERROR;
				CLANG_WARN_UNREACHABLE_CODE = YES;
				CLANG_WARN__DUPLICATE_METHOD_MATCH = YES;
				"CODE_SIGN_IDENTITY[sdk=iphoneos*]" = "iPhone Developer";
				COPY_PHASE_STRIP = NO;
				DEBUG_INFORMATION_FORMAT = "dwarf-with-dsym";
				ENABLE_STRICT_OBJC_MSGSEND = YES;
				ENABLE_TESTABILITY = YES;
				GCC_C_LANGUAGE_STANDARD = gnu99;
				GCC_DYNAMIC_NO_PIC = NO;
				GCC_NO_COMMON_BLOCKS = YES;
				GCC_OPTIMIZATION_LEVEL = 0;
				GCC_PREPROCESSOR_DEFINITIONS = (
					"DEBUG=1",
					"$(inherited)",
				);
				GCC_WARN_64_TO_32_BIT_CONVERSION = YES;
				GCC_WARN_ABOUT_RETURN_TYPE = YES_ERROR;
				GCC_WARN_UNDECLARED_SELECTOR = YES;
				GCC_WARN_UNINITIALIZED_AUTOS = YES_AGGRESSIVE;
				GCC_WARN_UNUSED_FUNCTION = YES;
				GCC_WARN_UNUSED_VARIABLE = YES;
				IPHONEOS_DEPLOYMENT_TARGET = 9.1;
				MTL_ENABLE_DEBUG_INFO = YES;
				ONLY_ACTIVE_ARCH = YES;
				SDKROOT = iphoneos;
				SWIFT_OPTIMIZATION_LEVEL = "-Onone";
			};
			name = Debug;
		};
		338369021BF67852006407FF /* Release */ = {
			isa = XCBuildConfiguration;
			buildSettings = {
				ALWAYS_SEARCH_USER_PATHS = NO;
				CLANG_CXX_LANGUAGE_STANDARD = "gnu++0x";
				CLANG_CXX_LIBRARY = "libc++";
				CLANG_ENABLE_MODULES = YES;
				CLANG_ENABLE_OBJC_ARC = YES;
				CLANG_WARN_BOOL_CONVERSION = YES;
				CLANG_WARN_CONSTANT_CONVERSION = YES;
				CLANG_WARN_DIRECT_OBJC_ISA_USAGE = YES_ERROR;
				CLANG_WARN_EMPTY_BODY = YES;
				CLANG_WARN_ENUM_CONVERSION = YES;
				CLANG_WARN_INT_CONVERSION = YES;
				CLANG_WARN_OBJC_ROOT_CLASS = YES_ERROR;
				CLANG_WARN_UNREACHABLE_CODE = YES;
				CLANG_WARN__DUPLICATE_METHOD_MATCH = YES;
				"CODE_SIGN_IDENTITY[sdk=iphoneos*]" = "iPhone Developer";
				COPY_PHASE_STRIP = NO;
				DEBUG_INFORMATION_FORMAT = "dwarf-with-dsym";
				ENABLE_NS_ASSERTIONS = NO;
				ENABLE_STRICT_OBJC_MSGSEND = YES;
				GCC_C_LANGUAGE_STANDARD = gnu99;
				GCC_NO_COMMON_BLOCKS = YES;
				GCC_WARN_64_TO_32_BIT_CONVERSION = YES;
				GCC_WARN_ABOUT_RETURN_TYPE = YES_ERROR;
				GCC_WARN_UNDECLARED_SELECTOR = YES;
				GCC_WARN_UNINITIALIZED_AUTOS = YES_AGGRESSIVE;
				GCC_WARN_UNUSED_FUNCTION = YES;
				GCC_WARN_UNUSED_VARIABLE = YES;
				IPHONEOS_DEPLOYMENT_TARGET = 9.1;
				MTL_ENABLE_DEBUG_INFO = NO;
				SDKROOT = iphoneos;
				VALIDATE_PRODUCT = YES;
			};
			name = Release;
		};
		338369041BF67852006407FF /* Debug */ = {
			isa = XCBuildConfiguration;
			buildSettings = {
				ASSETCATALOG_COMPILER_APPICON_NAME = AppIcon;
				CLANG_ENABLE_MODULES = YES;
				CODE_SIGN_ENTITLEMENTS = ProjectCreature/ProjectCreature.entitlements;
				CODE_SIGN_IDENTITY = "iPhone Developer";
				FRAMEWORK_SEARCH_PATHS = (
					"$(inherited)",
					"$(PROJECT_DIR)/ProjectCreature/Frameworks",
					"$(PROJECT_DIR)/Carthage/Build/iOS",
				);
				INFOPLIST_FILE = ProjectCreature/Info.plist;
				LD_RUNPATH_SEARCH_PATHS = "$(inherited) @executable_path/Frameworks";
				PRODUCT_BUNDLE_IDENTIFIER = com.beingadrian.ProjectCreature;
				PRODUCT_NAME = "$(TARGET_NAME)";
				SWIFT_OBJC_BRIDGING_HEADER = "ProjectCreature/Bridging/ProjectCreature-Bridging-Header.h";
				SWIFT_OPTIMIZATION_LEVEL = "-Onone";
			};
			name = Debug;
		};
		338369051BF67852006407FF /* Release */ = {
			isa = XCBuildConfiguration;
			buildSettings = {
				ASSETCATALOG_COMPILER_APPICON_NAME = AppIcon;
				CLANG_ENABLE_MODULES = YES;
				CODE_SIGN_ENTITLEMENTS = ProjectCreature/ProjectCreature.entitlements;
				CODE_SIGN_IDENTITY = "iPhone Developer";
				FRAMEWORK_SEARCH_PATHS = (
					"$(inherited)",
					"$(PROJECT_DIR)/ProjectCreature/Frameworks",
					"$(PROJECT_DIR)/Carthage/Build/iOS",
				);
				INFOPLIST_FILE = ProjectCreature/Info.plist;
				LD_RUNPATH_SEARCH_PATHS = "$(inherited) @executable_path/Frameworks";
				PRODUCT_BUNDLE_IDENTIFIER = com.beingadrian.ProjectCreature;
				PRODUCT_NAME = "$(TARGET_NAME)";
				SWIFT_OBJC_BRIDGING_HEADER = "ProjectCreature/Bridging/ProjectCreature-Bridging-Header.h";
			};
			name = Release;
		};
		338369071BF67852006407FF /* Debug */ = {
			isa = XCBuildConfiguration;
			buildSettings = {
				BUNDLE_LOADER = "$(TEST_HOST)";
				DEBUG_INFORMATION_FORMAT = dwarf;
				INFOPLIST_FILE = ProjectCreatureTests/Info.plist;
				LD_RUNPATH_SEARCH_PATHS = "$(inherited) @executable_path/Frameworks @loader_path/Frameworks";
				PRODUCT_BUNDLE_IDENTIFIER = com.beingadrian.ProjectCreatureTests;
				PRODUCT_NAME = "$(TARGET_NAME)";
				TEST_HOST = "$(BUILT_PRODUCTS_DIR)/ProjectCreature.app/ProjectCreature";
			};
			name = Debug;
		};
		338369081BF67852006407FF /* Release */ = {
			isa = XCBuildConfiguration;
			buildSettings = {
				BUNDLE_LOADER = "$(TEST_HOST)";
				INFOPLIST_FILE = ProjectCreatureTests/Info.plist;
				LD_RUNPATH_SEARCH_PATHS = "$(inherited) @executable_path/Frameworks @loader_path/Frameworks";
				PRODUCT_BUNDLE_IDENTIFIER = com.beingadrian.ProjectCreatureTests;
				PRODUCT_NAME = "$(TARGET_NAME)";
				TEST_HOST = "$(BUILT_PRODUCTS_DIR)/ProjectCreature.app/ProjectCreature";
			};
			name = Release;
		};
		3383690A1BF67852006407FF /* Debug */ = {
			isa = XCBuildConfiguration;
			buildSettings = {
				DEBUG_INFORMATION_FORMAT = dwarf;
				INFOPLIST_FILE = ProjectCreatureUITests/Info.plist;
				LD_RUNPATH_SEARCH_PATHS = "$(inherited) @executable_path/Frameworks @loader_path/Frameworks";
				PRODUCT_BUNDLE_IDENTIFIER = com.beingadrian.ProjectCreatureUITests;
				PRODUCT_NAME = "$(TARGET_NAME)";
				TEST_TARGET_NAME = ProjectCreature;
				USES_XCTRUNNER = YES;
			};
			name = Debug;
		};
		3383690B1BF67852006407FF /* Release */ = {
			isa = XCBuildConfiguration;
			buildSettings = {
				INFOPLIST_FILE = ProjectCreatureUITests/Info.plist;
				LD_RUNPATH_SEARCH_PATHS = "$(inherited) @executable_path/Frameworks @loader_path/Frameworks";
				PRODUCT_BUNDLE_IDENTIFIER = com.beingadrian.ProjectCreatureUITests;
				PRODUCT_NAME = "$(TARGET_NAME)";
				TEST_TARGET_NAME = ProjectCreature;
				USES_XCTRUNNER = YES;
			};
			name = Release;
		};
/* End XCBuildConfiguration section */

/* Begin XCConfigurationList section */
		338368D21BF67852006407FF /* Build configuration list for PBXProject "ProjectCreature" */ = {
			isa = XCConfigurationList;
			buildConfigurations = (
				338369011BF67852006407FF /* Debug */,
				338369021BF67852006407FF /* Release */,
			);
			defaultConfigurationIsVisible = 0;
			defaultConfigurationName = Release;
		};
		338369031BF67852006407FF /* Build configuration list for PBXNativeTarget "ProjectCreature" */ = {
			isa = XCConfigurationList;
			buildConfigurations = (
				338369041BF67852006407FF /* Debug */,
				338369051BF67852006407FF /* Release */,
			);
			defaultConfigurationIsVisible = 0;
			defaultConfigurationName = Release;
		};
		338369061BF67852006407FF /* Build configuration list for PBXNativeTarget "ProjectCreatureTests" */ = {
			isa = XCConfigurationList;
			buildConfigurations = (
				338369071BF67852006407FF /* Debug */,
				338369081BF67852006407FF /* Release */,
			);
			defaultConfigurationIsVisible = 0;
			defaultConfigurationName = Release;
		};
		338369091BF67852006407FF /* Build configuration list for PBXNativeTarget "ProjectCreatureUITests" */ = {
			isa = XCConfigurationList;
			buildConfigurations = (
				3383690A1BF67852006407FF /* Debug */,
				3383690B1BF67852006407FF /* Release */,
			);
			defaultConfigurationIsVisible = 0;
			defaultConfigurationName = Release;
		};
/* End XCConfigurationList section */
	};
	rootObject = 338368CF1BF67852006407FF /* Project object */;
}
